PODS:
  - Alamofire (4.5.1)
  - Bond (6.2.10):
    - Diff (~> 0.4)
    - ReactiveKit (~> 3.6.0)
  - Crashlytics (3.8.6):
    - Fabric (~> 1.6.3)
  - Diff (0.5.3)
  - Fabric (1.6.13)
  - Firebase/Auth (4.1.1):
    - Firebase/Core
    - FirebaseAuth (= 4.1.1)
  - Firebase/Core (4.1.1):
    - FirebaseAnalytics (= 4.0.3)
    - FirebaseCore (= 4.0.6)
  - Firebase/Database (4.1.1):
    - Firebase/Core
    - FirebaseDatabase (= 4.0.2)
  - FirebaseAnalytics (4.0.3):
    - FirebaseCore (~> 4.0)
    - FirebaseInstanceID (~> 2.0)
    - GoogleToolboxForMac/NSData+zlib (~> 2.1)
    - nanopb (~> 0.3)
  - FirebaseAuth (4.1.1):
    - FirebaseAnalytics (~> 4.0)
    - GoogleToolboxForMac/NSDictionary+URLArguments (~> 2.1)
    - GTMSessionFetcher/Core (~> 1.1)
  - FirebaseCore (4.0.6):
    - GoogleToolboxForMac/NSData+zlib (~> 2.1)
    - nanopb (~> 0.3)
  - FirebaseDatabase (4.0.2):
    - FirebaseAnalytics (~> 4.0)
    - FirebaseCore (~> 4.0)
    - leveldb-library (~> 1.18)
  - FirebaseInstanceID (2.0.2):
    - FirebaseCore (~> 4.0)
  - GoogleToolboxForMac/DebugUtils (2.1.1):
    - GoogleToolboxForMac/Defines (= 2.1.1)
  - GoogleToolboxForMac/Defines (2.1.1)
  - GoogleToolboxForMac/NSData+zlib (2.1.1):
    - GoogleToolboxForMac/Defines (= 2.1.1)
  - GoogleToolboxForMac/NSDictionary+URLArguments (2.1.1):
    - GoogleToolboxForMac/DebugUtils (= 2.1.1)
    - GoogleToolboxForMac/Defines (= 2.1.1)
    - GoogleToolboxForMac/NSString+URLArguments (= 2.1.1)
  - GoogleToolboxForMac/NSString+URLArguments (2.1.1)
  - GTMSessionFetcher/Core (1.1.11)
  - leveldb-library (1.18.3)
  - Material (2.9.4):
    - Material/Core (= 2.9.4)
  - Material/Core (2.9.4)
  - MBProgressHUD (1.0.0)
  - Motion (1.1.2):
    - Motion/Core (= 1.1.2)
  - Motion/Core (1.1.2)
  - nanopb (0.3.8):
    - nanopb/decode (= 0.3.8)
    - nanopb/encode (= 0.3.8)
  - nanopb/decode (0.3.8)
  - nanopb/encode (0.3.8)
  - ObjectMapper (2.2.8)
  - OHHTTPStubs/Core (6.0.0)
  - OHHTTPStubs/Default (6.0.0):
    - OHHTTPStubs/Core
    - OHHTTPStubs/JSON
    - OHHTTPStubs/NSURLSession
    - OHHTTPStubs/OHPathHelpers
  - OHHTTPStubs/JSON (6.0.0):
    - OHHTTPStubs/Core
  - OHHTTPStubs/NSURLSession (6.0.0):
    - OHHTTPStubs/Core
  - OHHTTPStubs/OHPathHelpers (6.0.0)
  - OHHTTPStubs/Swift (6.0.0):
    - OHHTTPStubs/Default
  - ReactiveKit (3.6.0)

DEPENDENCIES:
  - Alamofire (~> 4.0)
  - Bond (~> 6.0)
  - Crashlytics (~> 3.8)
  - Fabric (~> 1.6)
  - Firebase/Auth (~> 4.0)
  - Firebase/Core (~> 4.0)
  - Firebase/Database (~> 4.0)
  - Material (~> 2.9)
  - MBProgressHUD (~> 1.0)
  - Motion (~> 1.0)
  - ObjectMapper (~> 2.0)
  - OHHTTPStubs/Swift (~> 6.0)

SPEC CHECKSUMS:
  Alamofire: 2d95912bf4c34f164fdfc335872e8c312acaea4a
  Bond: 8bafdefda68c4f525c9a751b60ef827b0548ef3c
  Crashlytics: 95d05f4e4c19a771250c4bd9ce344d996de32bbf
  Diff: befa1d19c32726b2b36ce915d98793e2fbde8dcc
  Fabric: 2fb5676bc811af011a04513451f463dac6803206
  Firebase: 052c0de688fc87b414996eea13e223dd9fee3fa2
  FirebaseAnalytics: 76f754d37ca5b04f36856729b6af3ca0152d1069
  FirebaseAuth: f8b07aa83de60d606b4eadd81484b3ac2097ea3e
  FirebaseCore: 28def3c643989c97ea5a69ea5000f5fa9902b9fd
  FirebaseDatabase: 4d1a10639a42cae26e094296951b53c689e5e191
  FirebaseInstanceID: c4c7fca62c7b7330caee5da04f19a37ea37bb1c1
  GoogleToolboxForMac: 8e329f1b599f2512c6b10676d45736bcc2cbbeb0
  GTMSessionFetcher: 5ad62e8200fa00ed011fe5e08d27fef72c5b1429
  leveldb-library: 10fb39c39e243db4af1828441162405bbcec1404
  Material: 06fa0a5f29c45c42608ae32f3be96f1c46558d13
  MBProgressHUD: 4890f671c94e8a0f3cf959aa731e9de2f036d71a
  Motion: d4072ac96d5f114ad1f1d9c699808b60a01bd4e9
  nanopb: 5601e6bca2dbf1ed831b519092ec110f66982ca3
  ObjectMapper: 3d571bb5af471c779e1160828cd9ad5c4ef90958
  OHHTTPStubs: 752f9b11fd810a15162d50f11c06ff94f8e012eb
  ReactiveKit: b3037cb797aa79b58964d309cd724611bea033e6

PODFILE CHECKSUM: adf13c92349c8fdc263c541f90b0eff6ec71e773

COCOAPODS: 1.2.1
