PODS:
  - Alamofire (4.5.0)
  - Bond (6.2.8):
    - Diff (~> 0.4)
    - ReactiveKit (~> 3.5.3)
  - Crashlytics (3.8.5):
    - Fabric (~> 1.6.3)
  - Diff (0.5.3)
  - Fabric (1.6.12)
  - Firebase/Auth (4.0.4):
    - Firebase/Core
    - FirebaseAuth (= 4.0.0)
  - Firebase/Core (4.0.4):
    - FirebaseAnalytics (= 4.0.2)
    - FirebaseCore (= 4.0.4)
  - Firebase/Database (4.0.4):
    - Firebase/Core
    - FirebaseDatabase (= 4.0.0)
  - FirebaseAnalytics (4.0.2):
    - FirebaseCore (~> 4.0)
    - FirebaseInstanceID (~> 2.0)
    - GoogleToolboxForMac/NSData+zlib (~> 2.1)
  - FirebaseAuth (4.0.0):
    - FirebaseAnalytics (~> 4.0)
    - GoogleToolboxForMac/NSDictionary+URLArguments (~> 2.1)
    - GTMSessionFetcher/Core (~> 1.1)
  - FirebaseCore (4.0.4):
    - GoogleToolboxForMac/NSData+zlib (~> 2.1)
    - nanopb (~> 0.3)
  - FirebaseDatabase (4.0.0):
    - FirebaseAnalytics (~> 4.0)
  - FirebaseInstanceID (2.0.0):
    - FirebaseCore (~> 4.0)
  - GoogleToolboxForMac/DebugUtils (2.1.1):
    - GoogleToolboxForMac/Defines (= 2.1.1)
  - GoogleToolboxForMac/Defines (2.1.1)
  - GoogleToolboxForMac/NSData+zlib (2.1.1):
    - GoogleToolboxForMac/Defines (= 2.1.1)
  - GoogleToolboxForMac/NSDictionary+URLArguments (2.1.1):
    - GoogleToolboxForMac/DebugUtils (= 2.1.1)
    - GoogleToolboxForMac/Defines (= 2.1.1)
    - GoogleToolboxForMac/NSString+URLArguments (= 2.1.1)
  - GoogleToolboxForMac/NSString+URLArguments (2.1.1)
  - GTMSessionFetcher/Core (1.1.11)
  - Material (2.6.3):
    - Material/Core (= 2.6.3)
  - Material/Core (2.6.3)
  - MBProgressHUD (1.0.0)
  - Motion (1.0.8):
    - Motion/Core (= 1.0.8)
  - Motion/Core (1.0.8)
  - nanopb (0.3.8):
    - nanopb/decode (= 0.3.8)
    - nanopb/encode (= 0.3.8)
  - nanopb/decode (0.3.8)
  - nanopb/encode (0.3.8)
  - ObjectMapper (2.2.8)
  - OHHTTPStubs/Core (6.0.0)
  - OHHTTPStubs/Default (6.0.0):
    - OHHTTPStubs/Core
    - OHHTTPStubs/JSON
    - OHHTTPStubs/NSURLSession
    - OHHTTPStubs/OHPathHelpers
  - OHHTTPStubs/JSON (6.0.0):
    - OHHTTPStubs/Core
  - OHHTTPStubs/NSURLSession (6.0.0):
    - OHHTTPStubs/Core
  - OHHTTPStubs/OHPathHelpers (6.0.0)
  - OHHTTPStubs/Swift (6.0.0):
    - OHHTTPStubs/Default
  - ReactiveKit (3.5.5)

DEPENDENCIES:
  - Alamofire (~> 4.0)
  - Bond (~> 6.0)
  - Crashlytics (~> 3.8)
  - Fabric (~> 1.6)
  - Firebase/Auth (~> 4.0)
  - Firebase/Core (~> 4.0)
  - Firebase/Database (~> 4.0)
  - Material (~> 2.6)
  - MBProgressHUD (~> 1.0)
  - Motion (~> 1.0)
  - ObjectMapper (~> 2.0)
  - OHHTTPStubs/Swift (~> 6.0)

SPEC CHECKSUMS:
  Alamofire: f28cdffd29de33a7bfa022cbd63ae95a27fae140
  Bond: bd11b6f3dc526ab9beb1e5a1369872628b33fd36
  Crashlytics: dfbae35ef22ca189240d230ad501feea4ee85d2d
  Diff: befa1d19c32726b2b36ce915d98793e2fbde8dcc
  Fabric: f050464eac45a2ce5a8e6e6a07e977c0df32fe28
  Firebase: 1492bf04e1b73a7353b4fb2cf5a20bac9692f341
  FirebaseAnalytics: ad41720e3e67fc63fbe3d2948d3e26932a8de311
  FirebaseAuth: ebb6abcbabae00fc47446d690c19ce68d8484fde
  FirebaseCore: cfc042628ef9f20debe09c0eb683135fcd404cb4
  FirebaseDatabase: d829b3a8c3e2ac7a16773c5df226966b0805dfc2
  FirebaseInstanceID: 9fbf536668f4d3f0880e7438456dabd1376e294b
  GoogleToolboxForMac: 8e329f1b599f2512c6b10676d45736bcc2cbbeb0
  GTMSessionFetcher: 5ad62e8200fa00ed011fe5e08d27fef72c5b1429
  Material: af607a7ec0e9978ef85cf189a3d8ceeeb650400f
  MBProgressHUD: 4890f671c94e8a0f3cf959aa731e9de2f036d71a
  Motion: cae3bf09f58547f5866140b44f813f9f5af44b90
  nanopb: 22bc080fa3955e2116b6ff3ee6c2cb3c15ab97cb
  ObjectMapper: 3d571bb5af471c779e1160828cd9ad5c4ef90958
  OHHTTPStubs: 752f9b11fd810a15162d50f11c06ff94f8e012eb
  ReactiveKit: ced30f9647912f74510bd8179790cf2dfc9454c8

PODFILE CHECKSUM: 6ec83e9f0e1b84f45c8cfe4f39d517121e3eafe6

COCOAPODS: 1.2.1
