PODS:
  - Alamofire (4.4.0)
  - Bond (6.0.4):
    - Diff (~> 0.4)
    - ReactiveKit (~> 3.3)
  - Crashlytics (3.8.4):
    - Fabric (~> 1.6.3)
  - Diff (0.5.0)
  - Fabric (1.6.11)
  - Firebase/Auth (3.14.0):
    - Firebase/Core
    - FirebaseAuth (= 3.1.1)
  - Firebase/Core (3.14.0):
    - FirebaseAnalytics (= 3.7.0)
    - FirebaseCore (= 3.5.1)
  - Firebase/Database (3.14.0):
    - Firebase/Core
    - FirebaseDatabase (= 3.1.2)
  - FirebaseAnalytics (3.7.0):
    - FirebaseCore (~> 3.5)
    - FirebaseInstanceID (~> 1.0)
    - GoogleToolboxForMac/NSData+zlib (~> 2.1)
  - FirebaseAuth (3.1.1):
    - FirebaseAnalytics (~> 3.7)
    - GoogleToolboxForMac/NSDictionary+URLArguments (~> 2.1)
    - GTMSessionFetcher/Core (~> 1.1)
  - FirebaseCore (3.5.1):
    - GoogleToolboxForMac/NSData+zlib (~> 2.1)
  - FirebaseDatabase (3.1.2):
    - FirebaseAnalytics (~> 3.7)
  - FirebaseInstanceID (1.0.9)
  - GoogleToolboxForMac/DebugUtils (2.1.1):
    - GoogleToolboxForMac/Defines (= 2.1.1)
  - GoogleToolboxForMac/Defines (2.1.1)
  - GoogleToolboxForMac/NSData+zlib (2.1.1):
    - GoogleToolboxForMac/Defines (= 2.1.1)
  - GoogleToolboxForMac/NSDictionary+URLArguments (2.1.1):
    - GoogleToolboxForMac/DebugUtils (= 2.1.1)
    - GoogleToolboxForMac/Defines (= 2.1.1)
    - GoogleToolboxForMac/NSString+URLArguments (= 2.1.1)
  - GoogleToolboxForMac/NSString+URLArguments (2.1.1)
  - GTMSessionFetcher/Core (1.1.8)
  - Material (2.5.0):
    - Material/Core (= 2.5.0)
  - Material/Core (2.5.0)
  - MBProgressHUD (1.0.0)
  - Motion (1.0.4):
    - Motion/Core (= 1.0.4)
  - Motion/Core (1.0.4)
  - ObjectMapper (2.2.4)
  - OHHTTPStubs (5.2.3):
    - OHHTTPStubs/Default (= 5.2.3)
  - OHHTTPStubs/Core (5.2.3)
  - OHHTTPStubs/Default (5.2.3):
    - OHHTTPStubs/Core
    - OHHTTPStubs/JSON
    - OHHTTPStubs/NSURLSession
    - OHHTTPStubs/OHPathHelpers
  - OHHTTPStubs/JSON (5.2.3):
    - OHHTTPStubs/Core
  - OHHTTPStubs/NSURLSession (5.2.3):
    - OHHTTPStubs/Core
  - OHHTTPStubs/OHPathHelpers (5.2.3)
  - OHHTTPStubs/Swift (5.2.3):
    - OHHTTPStubs/Core
  - ReactiveKit (3.3.1)

DEPENDENCIES:
  - Alamofire (~> 4.0)
  - Bond (~> 6.0)
  - Crashlytics
  - Fabric
  - Firebase/Auth
  - Firebase/Core
  - Firebase/Database
  - Material (~> 2.5.0)
  - MBProgressHUD (~> 1.0)
  - Motion (~> 1.0)
  - ObjectMapper (~> 2.0)
  - OHHTTPStubs
  - OHHTTPStubs/Swift

SPEC CHECKSUMS:
  Alamofire: dc44b1600b800eb63da6a19039a0083d62a6a62d
  Bond: bc982d559e9c7fe30f50c29bbb5396ded9529699
  Crashlytics: 79e236942ca1e7fc641df1feb9a275360a78ab6a
  Diff: eceb93a3adf508574ba9b8560da185ace83de055
  Fabric: 5911403591946b8228ab1c51d98f1d7137e863c6
  Firebase: 85a581fb04e44f63ae9f4fbc8d6dabf4a4c18653
  FirebaseAnalytics: 0d1b7d81d5021155be37702a94ba1ec16d45365d
  FirebaseAuth: cc8a1824170adbd351edb7f994490a3fb5c18be6
  FirebaseCore: 225d40532489835a034b8f4e2c9c87fbf4f615a2
  FirebaseDatabase: 05c96d7b43a7368dc91c07791adb49683e1738d1
  FirebaseInstanceID: 2d0518b1378fe9d685ef40cbdd63d2fdc1125339
  GoogleToolboxForMac: 8e329f1b599f2512c6b10676d45736bcc2cbbeb0
  GTMSessionFetcher: 6f8d8b28b7e345549ac471071608170b31cb4977
  Material: 878cdefe31685a2b16352a6cfa8c5decc40f75c3
  MBProgressHUD: 4890f671c94e8a0f3cf959aa731e9de2f036d71a
  Motion: 4b4cb0403d6a357204bc621713070927fe5f40ab
  ObjectMapper: 81d0e5d7c57129e3e93f29a04bdf9669542b37d2
  OHHTTPStubs: e238cd5b66d8efa51c861db45895de8fe079f4a7
  ReactiveKit: 27df79c2e2f0771aef1061551fcd7e82b92066e9

PODFILE CHECKSUM: 551ac26acca2d7d335c514bb2eda10c0b4bf8477

COCOAPODS: 1.2.0
