// !$*UTF8*$!
{
	archiveVersion = 1;
	classes = {
	};
	objectVersion = 46;
	objects = {

/* Begin PBXBuildFile section */
		53D62AFC9471ACB593326C49 /* Pods_URLRemoteTests.framework in Frameworks */ = {isa = PBXBuildFile; fileRef = 29EB315E88D7C1F154808C0D /* Pods_URLRemoteTests.framework */; };
		C16B4F631CFC7C1B001E572E /* ActionsCollectionViewController.swift in Sources */ = {isa = PBXBuildFile; fileRef = C16B4F621CFC7C1B001E572E /* ActionsCollectionViewController.swift */; };
		C16B4F681CFC834F001E572E /* UIColorExtension.swift in Sources */ = {isa = PBXBuildFile; fileRef = C16B4F671CFC834F001E572E /* UIColorExtension.swift */; };
		C1BBC12C1CFC511D00EB62B1 /* AppDelegate.swift in Sources */ = {isa = PBXBuildFile; fileRef = C1BBC12B1CFC511D00EB62B1 /* AppDelegate.swift */; };
		C1BBC1311CFC511D00EB62B1 /* Main.storyboard in Resources */ = {isa = PBXBuildFile; fileRef = C1BBC12F1CFC511D00EB62B1 /* Main.storyboard */; };
		C1BBC1331CFC511D00EB62B1 /* Assets.xcassets in Resources */ = {isa = PBXBuildFile; fileRef = C1BBC1321CFC511D00EB62B1 /* Assets.xcassets */; };
		C1BBC1361CFC511D00EB62B1 /* LaunchScreen.storyboard in Resources */ = {isa = PBXBuildFile; fileRef = C1BBC1341CFC511D00EB62B1 /* LaunchScreen.storyboard */; };
		C1BBC14C1CFC511D00EB62B1 /* URLRemoteUITests.swift in Sources */ = {isa = PBXBuildFile; fileRef = C1BBC14B1CFC511D00EB62B1 /* URLRemoteUITests.swift */; };
		E005D09D1DE5EC6E002B79C0 /* LoginTableViewController.swift in Sources */ = {isa = PBXBuildFile; fileRef = E005D09C1DE5EC6E002B79C0 /* LoginTableViewController.swift */; };
		E005D09F1DE60018002B79C0 /* Localizable.strings in Resources */ = {isa = PBXBuildFile; fileRef = E005D09E1DE60018002B79C0 /* Localizable.strings */; };
		E005D0A11DE61967002B79C0 /* LoginViewModel.swift in Sources */ = {isa = PBXBuildFile; fileRef = E005D0A01DE61967002B79C0 /* LoginViewModel.swift */; };
		E005D0A41DE76BC5002B79C0 /* StringExtension.swift in Sources */ = {isa = PBXBuildFile; fileRef = E005D0A31DE76BC5002B79C0 /* StringExtension.swift */; };
		E00A20481E368C0200FF8DA6 /* ValidatorFactory.swift in Sources */ = {isa = PBXBuildFile; fileRef = E00A20471E368C0200FF8DA6 /* ValidatorFactory.swift */; };
		E01E58DB1ED86C9B00296A81 /* CategoryViewCell.swift in Sources */ = {isa = PBXBuildFile; fileRef = E01E58DA1ED86C9B00296A81 /* CategoryViewCell.swift */; };
		E01E58DD1EDB65BE00296A81 /* ColorSelectorTests.swift in Sources */ = {isa = PBXBuildFile; fileRef = E01E58DC1EDB65BE00296A81 /* ColorSelectorTests.swift */; };
		E01E58E31EDC39A900296A81 /* OHHTTPStubs.framework in Frameworks */ = {isa = PBXBuildFile; fileRef = E01E58E21EDC39A900296A81 /* OHHTTPStubs.framework */; };
		E01E58E51EDC39E300296A81 /* EntryActionTests.swift in Sources */ = {isa = PBXBuildFile; fileRef = E01E58E41EDC39E300296A81 /* EntryActionTests.swift */; };
		E01E58E71EDCC7C900296A81 /* MaterialExtension.swift in Sources */ = {isa = PBXBuildFile; fileRef = E01E58E61EDCC7C900296A81 /* MaterialExtension.swift */; };
		E02C36EF1E3F8B14009649B3 /* Category.swift in Sources */ = {isa = PBXBuildFile; fileRef = E02C36EE1E3F8B14009649B3 /* Category.swift */; };
		E02C36F31E3F8EBF009649B3 /* FirebaseObject.swift in Sources */ = {isa = PBXBuildFile; fileRef = E02C36F21E3F8EBF009649B3 /* FirebaseObject.swift */; };
		E04DB69A1E292D8400AC8C3D /* TypeTableViewController.swift in Sources */ = {isa = PBXBuildFile; fileRef = E04DB6991E292D8400AC8C3D /* TypeTableViewController.swift */; };
		E04DB69C1E292DF100AC8C3D /* TypeViewModel.swift in Sources */ = {isa = PBXBuildFile; fileRef = E04DB69B1E292DF100AC8C3D /* TypeViewModel.swift */; };
		E04DB69F1E29331100AC8C3D /* TypeSelectionTableViewCell.swift in Sources */ = {isa = PBXBuildFile; fileRef = E04DB69E1E29331100AC8C3D /* TypeSelectionTableViewCell.swift */; };
		E05020E41E5388CF0067AF0F /* ArrayExtensionTests.swift in Sources */ = {isa = PBXBuildFile; fileRef = E05020E31E5388CF0067AF0F /* ArrayExtensionTests.swift */; };
		E052E7711E368F58007D19EB /* SimpleHTTPValidator.swift in Sources */ = {isa = PBXBuildFile; fileRef = E052E7701E368F58007D19EB /* SimpleHTTPValidator.swift */; };
		E056B96F1E00A48900B70AA0 /* Entry.swift in Sources */ = {isa = PBXBuildFile; fileRef = E056B96E1E00A48900B70AA0 /* Entry.swift */; };
		E056B9711E00A5EB00B70AA0 /* ActionsViewModel.swift in Sources */ = {isa = PBXBuildFile; fileRef = E056B9701E00A5EB00B70AA0 /* ActionsViewModel.swift */; };
		E0628FAF1E2F9EDF00DADAB3 /* SettingsViewModel.swift in Sources */ = {isa = PBXBuildFile; fileRef = E0628FAE1E2F9EDF00DADAB3 /* SettingsViewModel.swift */; };
		E0628FB41E2FB05300DADAB3 /* EntrySettingsTableViewCell.swift in Sources */ = {isa = PBXBuildFile; fileRef = E0628FB31E2FB05300DADAB3 /* EntrySettingsTableViewCell.swift */; };
		E06828211E01876F00EB0041 /* ActionViewCell.swift in Sources */ = {isa = PBXBuildFile; fileRef = E06828201E01876F00EB0041 /* ActionViewCell.swift */; };
		E06828271E01C48400EB0041 /* ApplicationNavigationController.swift in Sources */ = {isa = PBXBuildFile; fileRef = E06828261E01C48400EB0041 /* ApplicationNavigationController.swift */; };
		E068282D1E03067D00EB0041 /* FirebaseDataSource.swift in Sources */ = {isa = PBXBuildFile; fileRef = E068282C1E03067D00EB0041 /* FirebaseDataSource.swift */; };
		E06828311E0309C700EB0041 /* Firebase+ReactiveKit.swift in Sources */ = {isa = PBXBuildFile; fileRef = E06828301E0309C700EB0041 /* Firebase+ReactiveKit.swift */; };
		E06828351E043B7500EB0041 /* EntryAction.swift in Sources */ = {isa = PBXBuildFile; fileRef = E06828341E043B7500EB0041 /* EntryAction.swift */; };
		E068283B1E04436F00EB0041 /* Material+Bond.swift in Sources */ = {isa = PBXBuildFile; fileRef = E068283A1E04436F00EB0041 /* Material+Bond.swift */; };
		E072B1351E40EB9A0012589D /* ArrayExtension.swift in Sources */ = {isa = PBXBuildFile; fileRef = E072B1341E40EB9A0012589D /* ArrayExtension.swift */; };
		E08393401DFACAAF0012A28A /* UIViewControllerExtension.swift in Sources */ = {isa = PBXBuildFile; fileRef = E083933F1DFACAAF0012A28A /* UIViewControllerExtension.swift */; };
		E098E84B1E314F3000456FCB /* UIViewController+Material.swift in Sources */ = {isa = PBXBuildFile; fileRef = E098E84A1E314F3000456FCB /* UIViewController+Material.swift */; };
		E09FECC31E477A6A002A8D91 /* StringExtensionTests.swift in Sources */ = {isa = PBXBuildFile; fileRef = E09FECC21E477A6A002A8D91 /* StringExtensionTests.swift */; };
		E0ADCD6F1DE4A98D004B7BAD /* GoogleService-Info.plist in Resources */ = {isa = PBXBuildFile; fileRef = E0ADCD6E1DE4A98D004B7BAD /* GoogleService-Info.plist */; };
		E0B41D171E2D4AD300F7242E /* EnumCollection.swift in Sources */ = {isa = PBXBuildFile; fileRef = E0B41D161E2D4AD300F7242E /* EnumCollection.swift */; };
		E0B41D1B1E2E5BE600F7242E /* SettingsTableViewController.swift in Sources */ = {isa = PBXBuildFile; fileRef = E0B41D1A1E2E5BE600F7242E /* SettingsTableViewController.swift */; };
		E0C0FA261E3D1B4600520AB2 /* LocalAuthentication+ReactiveKit.swift in Sources */ = {isa = PBXBuildFile; fileRef = E0C0FA251E3D1B4600520AB2 /* LocalAuthentication+ReactiveKit.swift */; };
		E0C2E35E1E328DA400923A2D /* Validator.swift in Sources */ = {isa = PBXBuildFile; fileRef = E0C2E35D1E328DA400923A2D /* Validator.swift */; };
		E0C2E3611E33C60300923A2D /* QuidoValidator.swift in Sources */ = {isa = PBXBuildFile; fileRef = E0C2E3601E33C60300923A2D /* QuidoValidator.swift */; };
		E0C2E3631E354C1600923A2D /* GenericValidator.swift in Sources */ = {isa = PBXBuildFile; fileRef = E0C2E3621E354C1600923A2D /* GenericValidator.swift */; };
		E0CD15AD1F1901FB00F63FE9 /* CategoryTableViewController.swift in Sources */ = {isa = PBXBuildFile; fileRef = E0CD15AC1F1901FB00F63FE9 /* CategoryTableViewController.swift */; };
		E0CD15AF1F19022500F63FE9 /* CategoryTableViewModel.swift in Sources */ = {isa = PBXBuildFile; fileRef = E0CD15AE1F19022500F63FE9 /* CategoryTableViewModel.swift */; };
		E0CD15B11F190F2400F63FE9 /* EntryDto.swift in Sources */ = {isa = PBXBuildFile; fileRef = E0CD15B01F190F2400F63FE9 /* EntryDto.swift */; };
		E0CD15B31F19170200F63FE9 /* NotificationRepresentable.swift in Sources */ = {isa = PBXBuildFile; fileRef = E0CD15B21F19170200F63FE9 /* NotificationRepresentable.swift */; };
		E0CD15B61F1917A700F63FE9 /* DataSource.swift in Sources */ = {isa = PBXBuildFile; fileRef = E0CD15B51F1917A700F63FE9 /* DataSource.swift */; };
		E0D3764E1ED6C30400FAFA4F /* ActionsCollectionLayout.swift in Sources */ = {isa = PBXBuildFile; fileRef = E0D3764D1ED6C30400FAFA4F /* ActionsCollectionLayout.swift */; };
		E0D376511ED8174300FAFA4F /* ActionsCollectionLayoutTests.swift in Sources */ = {isa = PBXBuildFile; fileRef = E0D376501ED8174300FAFA4F /* ActionsCollectionLayoutTests.swift */; };
		E0DAA5911EC999AD005FE314 /* FirebaseObjectTests.swift in Sources */ = {isa = PBXBuildFile; fileRef = E0DAA5901EC999AD005FE314 /* FirebaseObjectTests.swift */; };
		E0DAA5931EC99DC3005FE314 /* EntryTests.swift in Sources */ = {isa = PBXBuildFile; fileRef = E0DAA5921EC99DC3005FE314 /* EntryTests.swift */; };
		E0DAA5951EC9AA2C005FE314 /* CategoryTests.swift in Sources */ = {isa = PBXBuildFile; fileRef = E0DAA5941EC9AA2C005FE314 /* CategoryTests.swift */; };
		E0DAA5991EC9AF9B005FE314 /* CustomValidatorTests.swift in Sources */ = {isa = PBXBuildFile; fileRef = E0DAA5981EC9AF9B005FE314 /* CustomValidatorTests.swift */; };
		E0DAA59B1EC9B0CB005FE314 /* SimpleHTTPValidatorTests.swift in Sources */ = {isa = PBXBuildFile; fileRef = E0DAA59A1EC9B0CB005FE314 /* SimpleHTTPValidatorTests.swift */; };
		E0DAA59D1EC9B0DC005FE314 /* QuidoValidatorTests.swift in Sources */ = {isa = PBXBuildFile; fileRef = E0DAA59C1EC9B0DC005FE314 /* QuidoValidatorTests.swift */; };
		E0DAA5A01EC9B2CE005FE314 /* LoginViewModelTests.swift in Sources */ = {isa = PBXBuildFile; fileRef = E0DAA59F1EC9B2CE005FE314 /* LoginViewModelTests.swift */; };
		E0DAA5A21EC9B7C0005FE314 /* EntrySetupViewModelTests.swift in Sources */ = {isa = PBXBuildFile; fileRef = E0DAA5A11EC9B7C0005FE314 /* EntrySetupViewModelTests.swift */; };
		E0DAA5A41ECA06EE005FE314 /* TypeViewModelTests.swift in Sources */ = {isa = PBXBuildFile; fileRef = E0DAA5A31ECA06EE005FE314 /* TypeViewModelTests.swift */; };
		E0DAA5A61ECA092F005FE314 /* IconCollectionViewModelTests.swift in Sources */ = {isa = PBXBuildFile; fileRef = E0DAA5A51ECA092F005FE314 /* IconCollectionViewModelTests.swift */; };
		E0DAA5A81ECA1352005FE314 /* SettingsViewModelTests.swift in Sources */ = {isa = PBXBuildFile; fileRef = E0DAA5A71ECA1352005FE314 /* SettingsViewModelTests.swift */; };
		E0E09B081E54EB7E00B74CEA /* EnumCollectionTests.swift in Sources */ = {isa = PBXBuildFile; fileRef = E0E09B071E54EB7E00B74CEA /* EnumCollectionTests.swift */; };
		E0E25A4E1E1D7874006F8C14 /* EntrySetupViewController.swift in Sources */ = {isa = PBXBuildFile; fileRef = E0E25A4D1E1D7874006F8C14 /* EntrySetupViewController.swift */; };
		E0E25A501E1D78A4006F8C14 /* EntrySetupViewModel.swift in Sources */ = {isa = PBXBuildFile; fileRef = E0E25A4F1E1D78A4006F8C14 /* EntrySetupViewModel.swift */; };
		E0E2FBEB1E22A38700C54FF8 /* ShadedView.swift in Sources */ = {isa = PBXBuildFile; fileRef = E0E2FBEA1E22A38700C54FF8 /* ShadedView.swift */; };
		E0E2FBEE1E22BB1900C54FF8 /* ColorSelectorView.swift in Sources */ = {isa = PBXBuildFile; fileRef = E0E2FBED1E22BB1900C54FF8 /* ColorSelectorView.swift */; };
		E0E2FBF11E23BE8A00C54FF8 /* DesignEntryTableViewCell.swift in Sources */ = {isa = PBXBuildFile; fileRef = E0E2FBF01E23BE8A00C54FF8 /* DesignEntryTableViewCell.swift */; };
		E0E2FBF31E23D6B900C54FF8 /* GenericButtonTableViewCell.swift in Sources */ = {isa = PBXBuildFile; fileRef = E0E2FBF21E23D6B900C54FF8 /* GenericButtonTableViewCell.swift */; };
		E0E2FBF71E23F4E700C54FF8 /* ActionEntryTableViewCell.swift in Sources */ = {isa = PBXBuildFile; fileRef = E0E2FBF61E23F4E700C54FF8 /* ActionEntryTableViewCell.swift */; };
		E0E2FBF91E23F7D500C54FF8 /* CheckboxButton.swift in Sources */ = {isa = PBXBuildFile; fileRef = E0E2FBF81E23F7D500C54FF8 /* CheckboxButton.swift */; };
		E0E2FBFF1E2540B000C54FF8 /* IconCollectionViewController.swift in Sources */ = {isa = PBXBuildFile; fileRef = E0E2FBFE1E2540B000C54FF8 /* IconCollectionViewController.swift */; };
		E0E2FC011E2581FF00C54FF8 /* IconCollectionViewModel.swift in Sources */ = {isa = PBXBuildFile; fileRef = E0E2FC001E2581FF00C54FF8 /* IconCollectionViewModel.swift */; };
		E0E2FC031E2802AA00C54FF8 /* IconCollectionViewCell.swift in Sources */ = {isa = PBXBuildFile; fileRef = E0E2FC021E2802A900C54FF8 /* IconCollectionViewCell.swift */; };
		E0F328941E3A554E00282B33 /* CustomCriteriaTableViewCell.swift in Sources */ = {isa = PBXBuildFile; fileRef = E0F328931E3A554E00282B33 /* CustomCriteriaTableViewCell.swift */; };
		E0F328961E3B86FB00282B33 /* CustomCriteriaValidator.swift in Sources */ = {isa = PBXBuildFile; fileRef = E0F328951E3B86FB00282B33 /* CustomCriteriaValidator.swift */; };
		E0F6D0361ECB31BC00DB9030 /* ObjectMapper.framework in Frameworks */ = {isa = PBXBuildFile; fileRef = E0F6D0351ECB31BC00DB9030 /* ObjectMapper.framework */; };
		E0F6D0391ECB31DA00DB9030 /* Bond.framework in Frameworks */ = {isa = PBXBuildFile; fileRef = E0F6D0371ECB31DA00DB9030 /* Bond.framework */; };
		E0F6D03A1ECB31DA00DB9030 /* ReactiveKit.framework in Frameworks */ = {isa = PBXBuildFile; fileRef = E0F6D0381ECB31DA00DB9030 /* ReactiveKit.framework */; };
		F246F17FD7B981886D77BDFF /* Pods_URLRemote.framework in Frameworks */ = {isa = PBXBuildFile; fileRef = 4C19C5F83E9542AFE428F634 /* Pods_URLRemote.framework */; };
/* End PBXBuildFile section */

/* Begin PBXContainerItemProxy section */
		C1BBC13D1CFC511D00EB62B1 /* PBXContainerItemProxy */ = {
			isa = PBXContainerItemProxy;
			containerPortal = C1BBC1201CFC511D00EB62B1 /* Project object */;
			proxyType = 1;
			remoteGlobalIDString = C1BBC1271CFC511D00EB62B1;
			remoteInfo = URLRemote;
		};
		C1BBC1481CFC511D00EB62B1 /* PBXContainerItemProxy */ = {
			isa = PBXContainerItemProxy;
			containerPortal = C1BBC1201CFC511D00EB62B1 /* Project object */;
			proxyType = 1;
			remoteGlobalIDString = C1BBC1271CFC511D00EB62B1;
			remoteInfo = URLRemote;
		};
/* End PBXContainerItemProxy section */

/* Begin PBXFileReference section */
		035AEDF9FA27C2B980DD48A0 /* Pods-URLRemote.debug.xcconfig */ = {isa = PBXFileReference; includeInIndex = 1; lastKnownFileType = text.xcconfig; name = "Pods-URLRemote.debug.xcconfig"; path = "Pods/Target Support Files/Pods-URLRemote/Pods-URLRemote.debug.xcconfig"; sourceTree = "<group>"; };
		29EB315E88D7C1F154808C0D /* Pods_URLRemoteTests.framework */ = {isa = PBXFileReference; explicitFileType = wrapper.framework; includeInIndex = 0; path = Pods_URLRemoteTests.framework; sourceTree = BUILT_PRODUCTS_DIR; };
		3D6962C3E6C47C4AE607913F /* Pods-URLRemote.release.xcconfig */ = {isa = PBXFileReference; includeInIndex = 1; lastKnownFileType = text.xcconfig; name = "Pods-URLRemote.release.xcconfig"; path = "Pods/Target Support Files/Pods-URLRemote/Pods-URLRemote.release.xcconfig"; sourceTree = "<group>"; };
		45E2DC6684D2D93C331C7FA4 /* Pods.framework */ = {isa = PBXFileReference; explicitFileType = wrapper.framework; includeInIndex = 0; path = Pods.framework; sourceTree = BUILT_PRODUCTS_DIR; };
		4C19C5F83E9542AFE428F634 /* Pods_URLRemote.framework */ = {isa = PBXFileReference; explicitFileType = wrapper.framework; includeInIndex = 0; path = Pods_URLRemote.framework; sourceTree = BUILT_PRODUCTS_DIR; };
		73AFF71622122AA7613B4412 /* Pods-URLRemoteTests.debug.xcconfig */ = {isa = PBXFileReference; includeInIndex = 1; lastKnownFileType = text.xcconfig; name = "Pods-URLRemoteTests.debug.xcconfig"; path = "Pods/Target Support Files/Pods-URLRemoteTests/Pods-URLRemoteTests.debug.xcconfig"; sourceTree = "<group>"; };
		C16B4F621CFC7C1B001E572E /* ActionsCollectionViewController.swift */ = {isa = PBXFileReference; fileEncoding = 4; lastKnownFileType = sourcecode.swift; name = ActionsCollectionViewController.swift; path = Controllers/ActionsCollectionViewController.swift; sourceTree = "<group>"; };
		C16B4F671CFC834F001E572E /* UIColorExtension.swift */ = {isa = PBXFileReference; fileEncoding = 4; lastKnownFileType = sourcecode.swift; path = UIColorExtension.swift; sourceTree = "<group>"; };
		C1BBC1281CFC511D00EB62B1 /* URLRemote.app */ = {isa = PBXFileReference; explicitFileType = wrapper.application; includeInIndex = 0; path = URLRemote.app; sourceTree = BUILT_PRODUCTS_DIR; };
		C1BBC12B1CFC511D00EB62B1 /* AppDelegate.swift */ = {isa = PBXFileReference; lastKnownFileType = sourcecode.swift; path = AppDelegate.swift; sourceTree = "<group>"; };
		C1BBC1301CFC511D00EB62B1 /* Base */ = {isa = PBXFileReference; lastKnownFileType = file.storyboard; name = Base; path = Base.lproj/Main.storyboard; sourceTree = "<group>"; };
		C1BBC1321CFC511D00EB62B1 /* Assets.xcassets */ = {isa = PBXFileReference; lastKnownFileType = folder.assetcatalog; path = Assets.xcassets; sourceTree = "<group>"; };
		C1BBC1351CFC511D00EB62B1 /* Base */ = {isa = PBXFileReference; lastKnownFileType = file.storyboard; name = Base; path = Base.lproj/LaunchScreen.storyboard; sourceTree = "<group>"; };
		C1BBC1371CFC511D00EB62B1 /* Info.plist */ = {isa = PBXFileReference; lastKnownFileType = text.plist.xml; path = Info.plist; sourceTree = "<group>"; };
		C1BBC13C1CFC511D00EB62B1 /* URLRemoteTests.xctest */ = {isa = PBXFileReference; explicitFileType = wrapper.cfbundle; includeInIndex = 0; path = URLRemoteTests.xctest; sourceTree = BUILT_PRODUCTS_DIR; };
		C1BBC1421CFC511D00EB62B1 /* Info.plist */ = {isa = PBXFileReference; lastKnownFileType = text.plist.xml; path = Info.plist; sourceTree = "<group>"; };
		C1BBC1471CFC511D00EB62B1 /* URLRemoteUITests.xctest */ = {isa = PBXFileReference; explicitFileType = wrapper.cfbundle; includeInIndex = 0; path = URLRemoteUITests.xctest; sourceTree = BUILT_PRODUCTS_DIR; };
		C1BBC14B1CFC511D00EB62B1 /* URLRemoteUITests.swift */ = {isa = PBXFileReference; lastKnownFileType = sourcecode.swift; path = URLRemoteUITests.swift; sourceTree = "<group>"; };
		C1BBC14D1CFC511D00EB62B1 /* Info.plist */ = {isa = PBXFileReference; lastKnownFileType = text.plist.xml; path = Info.plist; sourceTree = "<group>"; };
		D5B7114A18A2145EB50F9321 /* Pods-URLRemoteTests.release.xcconfig */ = {isa = PBXFileReference; includeInIndex = 1; lastKnownFileType = text.xcconfig; name = "Pods-URLRemoteTests.release.xcconfig"; path = "Pods/Target Support Files/Pods-URLRemoteTests/Pods-URLRemoteTests.release.xcconfig"; sourceTree = "<group>"; };
		E005D09C1DE5EC6E002B79C0 /* LoginTableViewController.swift */ = {isa = PBXFileReference; fileEncoding = 4; lastKnownFileType = sourcecode.swift; name = LoginTableViewController.swift; path = Controllers/LoginTableViewController.swift; sourceTree = "<group>"; };
		E005D09E1DE60018002B79C0 /* Localizable.strings */ = {isa = PBXFileReference; fileEncoding = 4; lastKnownFileType = text.plist.strings; path = Localizable.strings; sourceTree = "<group>"; };
		E005D0A01DE61967002B79C0 /* LoginViewModel.swift */ = {isa = PBXFileReference; fileEncoding = 4; lastKnownFileType = sourcecode.swift; path = LoginViewModel.swift; sourceTree = "<group>"; };
		E005D0A21DE6437D002B79C0 /* URLRemote-Bridging-Header.h */ = {isa = PBXFileReference; lastKnownFileType = sourcecode.c.h; path = "URLRemote-Bridging-Header.h"; sourceTree = "<group>"; };
		E005D0A31DE76BC5002B79C0 /* StringExtension.swift */ = {isa = PBXFileReference; fileEncoding = 4; lastKnownFileType = sourcecode.swift; path = StringExtension.swift; sourceTree = "<group>"; };
		E00A20471E368C0200FF8DA6 /* ValidatorFactory.swift */ = {isa = PBXFileReference; fileEncoding = 4; lastKnownFileType = sourcecode.swift; path = ValidatorFactory.swift; sourceTree = "<group>"; };
		E01E58DA1ED86C9B00296A81 /* CategoryViewCell.swift */ = {isa = PBXFileReference; fileEncoding = 4; lastKnownFileType = sourcecode.swift; name = CategoryViewCell.swift; path = Controllers/CategoryViewCell.swift; sourceTree = "<group>"; };
		E01E58DC1EDB65BE00296A81 /* ColorSelectorTests.swift */ = {isa = PBXFileReference; fileEncoding = 4; lastKnownFileType = sourcecode.swift; name = ColorSelectorTests.swift; path = View/ColorSelectorTests.swift; sourceTree = "<group>"; };
		E01E58E01EDC353800296A81 /* OHHTTPStubs.framework */ = {isa = PBXFileReference; lastKnownFileType = wrapper.framework; name = OHHTTPStubs.framework; path = "Pods/../build/Debug-iphoneos/OHHTTPStubs/OHHTTPStubs.framework"; sourceTree = "<group>"; };
		E01E58E21EDC39A900296A81 /* OHHTTPStubs.framework */ = {isa = PBXFileReference; lastKnownFileType = wrapper.framework; name = OHHTTPStubs.framework; path = "../../Library/Developer/Xcode/DerivedData/URLRemote-hdsfhwqkafwhdhcfbaohdqvnqxis/Build/Products/Debug-iphonesimulator/OHHTTPStubs/OHHTTPStubs.framework"; sourceTree = "<group>"; };
		E01E58E41EDC39E300296A81 /* EntryActionTests.swift */ = {isa = PBXFileReference; fileEncoding = 4; lastKnownFileType = sourcecode.swift; name = EntryActionTests.swift; path = Networking/EntryActionTests.swift; sourceTree = "<group>"; };
		E01E58E61EDCC7C900296A81 /* MaterialExtension.swift */ = {isa = PBXFileReference; fileEncoding = 4; lastKnownFileType = sourcecode.swift; path = MaterialExtension.swift; sourceTree = "<group>"; };
		E02C36EE1E3F8B14009649B3 /* Category.swift */ = {isa = PBXFileReference; fileEncoding = 4; lastKnownFileType = sourcecode.swift; name = Category.swift; path = Model/Category.swift; sourceTree = "<group>"; };
		E02C36F21E3F8EBF009649B3 /* FirebaseObject.swift */ = {isa = PBXFileReference; fileEncoding = 4; lastKnownFileType = sourcecode.swift; name = FirebaseObject.swift; path = Persistence/FirebaseObject.swift; sourceTree = "<group>"; };
		E04DB6991E292D8400AC8C3D /* TypeTableViewController.swift */ = {isa = PBXFileReference; fileEncoding = 4; lastKnownFileType = sourcecode.swift; name = TypeTableViewController.swift; path = Controllers/TypeTableViewController.swift; sourceTree = "<group>"; };
		E04DB69B1E292DF100AC8C3D /* TypeViewModel.swift */ = {isa = PBXFileReference; fileEncoding = 4; lastKnownFileType = sourcecode.swift; path = TypeViewModel.swift; sourceTree = "<group>"; };
		E04DB69E1E29331100AC8C3D /* TypeSelectionTableViewCell.swift */ = {isa = PBXFileReference; fileEncoding = 4; lastKnownFileType = sourcecode.swift; name = TypeSelectionTableViewCell.swift; path = Controllers/TypeSelectionTableViewCell.swift; sourceTree = "<group>"; };
		E05020E31E5388CF0067AF0F /* ArrayExtensionTests.swift */ = {isa = PBXFileReference; fileEncoding = 4; lastKnownFileType = sourcecode.swift; name = ArrayExtensionTests.swift; path = Helpers/ArrayExtensionTests.swift; sourceTree = "<group>"; };
		E052E7701E368F58007D19EB /* SimpleHTTPValidator.swift */ = {isa = PBXFileReference; fileEncoding = 4; lastKnownFileType = sourcecode.swift; path = SimpleHTTPValidator.swift; sourceTree = "<group>"; };
		E056B96E1E00A48900B70AA0 /* Entry.swift */ = {isa = PBXFileReference; fileEncoding = 4; lastKnownFileType = sourcecode.swift; name = Entry.swift; path = Model/Entry.swift; sourceTree = "<group>"; };
		E056B9701E00A5EB00B70AA0 /* ActionsViewModel.swift */ = {isa = PBXFileReference; fileEncoding = 4; lastKnownFileType = sourcecode.swift; path = ActionsViewModel.swift; sourceTree = "<group>"; };
		E0628FAE1E2F9EDF00DADAB3 /* SettingsViewModel.swift */ = {isa = PBXFileReference; fileEncoding = 4; lastKnownFileType = sourcecode.swift; path = SettingsViewModel.swift; sourceTree = "<group>"; };
		E0628FB31E2FB05300DADAB3 /* EntrySettingsTableViewCell.swift */ = {isa = PBXFileReference; fileEncoding = 4; lastKnownFileType = sourcecode.swift; name = EntrySettingsTableViewCell.swift; path = Controllers/EntrySettingsTableViewCell.swift; sourceTree = "<group>"; };
		E06828201E01876F00EB0041 /* ActionViewCell.swift */ = {isa = PBXFileReference; fileEncoding = 4; lastKnownFileType = sourcecode.swift; name = ActionViewCell.swift; path = Controllers/ActionViewCell.swift; sourceTree = "<group>"; };
		E06828261E01C48400EB0041 /* ApplicationNavigationController.swift */ = {isa = PBXFileReference; fileEncoding = 4; lastKnownFileType = sourcecode.swift; name = ApplicationNavigationController.swift; path = Controllers/ApplicationNavigationController.swift; sourceTree = "<group>"; };
		E068282C1E03067D00EB0041 /* FirebaseDataSource.swift */ = {isa = PBXFileReference; fileEncoding = 4; lastKnownFileType = sourcecode.swift; name = FirebaseDataSource.swift; path = Persistence/FirebaseDataSource.swift; sourceTree = "<group>"; };
		E06828301E0309C700EB0041 /* Firebase+ReactiveKit.swift */ = {isa = PBXFileReference; fileEncoding = 4; lastKnownFileType = sourcecode.swift; path = "Firebase+ReactiveKit.swift"; sourceTree = "<group>"; };
		E06828341E043B7500EB0041 /* EntryAction.swift */ = {isa = PBXFileReference; fileEncoding = 4; lastKnownFileType = sourcecode.swift; path = EntryAction.swift; sourceTree = "<group>"; };
		E068283A1E04436F00EB0041 /* Material+Bond.swift */ = {isa = PBXFileReference; fileEncoding = 4; lastKnownFileType = sourcecode.swift; path = "Material+Bond.swift"; sourceTree = "<group>"; };
		E072B1341E40EB9A0012589D /* ArrayExtension.swift */ = {isa = PBXFileReference; fileEncoding = 4; lastKnownFileType = sourcecode.swift; path = ArrayExtension.swift; sourceTree = "<group>"; };
		E083933F1DFACAAF0012A28A /* UIViewControllerExtension.swift */ = {isa = PBXFileReference; fileEncoding = 4; lastKnownFileType = sourcecode.swift; path = UIViewControllerExtension.swift; sourceTree = "<group>"; };
		E08C6FDE1DE4AECB0002A3D0 /* URLRemote.entitlements */ = {isa = PBXFileReference; lastKnownFileType = text.plist.entitlements; path = URLRemote.entitlements; sourceTree = "<group>"; };
		E098E84A1E314F3000456FCB /* UIViewController+Material.swift */ = {isa = PBXFileReference; fileEncoding = 4; lastKnownFileType = sourcecode.swift; path = "UIViewController+Material.swift"; sourceTree = "<group>"; };
		E09FECC21E477A6A002A8D91 /* StringExtensionTests.swift */ = {isa = PBXFileReference; fileEncoding = 4; lastKnownFileType = sourcecode.swift; name = StringExtensionTests.swift; path = Helpers/StringExtensionTests.swift; sourceTree = "<group>"; };
		E0ADCD6E1DE4A98D004B7BAD /* GoogleService-Info.plist */ = {isa = PBXFileReference; fileEncoding = 4; lastKnownFileType = text.plist.xml; path = "GoogleService-Info.plist"; sourceTree = "<group>"; };
		E0B41D161E2D4AD300F7242E /* EnumCollection.swift */ = {isa = PBXFileReference; fileEncoding = 4; lastKnownFileType = sourcecode.swift; path = EnumCollection.swift; sourceTree = "<group>"; };
		E0B41D1A1E2E5BE600F7242E /* SettingsTableViewController.swift */ = {isa = PBXFileReference; fileEncoding = 4; lastKnownFileType = sourcecode.swift; name = SettingsTableViewController.swift; path = Controllers/SettingsTableViewController.swift; sourceTree = "<group>"; };
		E0C0FA251E3D1B4600520AB2 /* LocalAuthentication+ReactiveKit.swift */ = {isa = PBXFileReference; fileEncoding = 4; lastKnownFileType = sourcecode.swift; path = "LocalAuthentication+ReactiveKit.swift"; sourceTree = "<group>"; };
		E0C2E35D1E328DA400923A2D /* Validator.swift */ = {isa = PBXFileReference; fileEncoding = 4; lastKnownFileType = sourcecode.swift; path = Validator.swift; sourceTree = "<group>"; };
		E0C2E3601E33C60300923A2D /* QuidoValidator.swift */ = {isa = PBXFileReference; fileEncoding = 4; lastKnownFileType = sourcecode.swift; path = QuidoValidator.swift; sourceTree = "<group>"; };
		E0C2E3621E354C1600923A2D /* GenericValidator.swift */ = {isa = PBXFileReference; fileEncoding = 4; lastKnownFileType = sourcecode.swift; path = GenericValidator.swift; sourceTree = "<group>"; };
		E0CD15AC1F1901FB00F63FE9 /* CategoryTableViewController.swift */ = {isa = PBXFileReference; fileEncoding = 4; lastKnownFileType = sourcecode.swift; name = CategoryTableViewController.swift; path = Controllers/CategoryTableViewController.swift; sourceTree = "<group>"; };
		E0CD15AE1F19022500F63FE9 /* CategoryTableViewModel.swift */ = {isa = PBXFileReference; fileEncoding = 4; lastKnownFileType = sourcecode.swift; path = CategoryTableViewModel.swift; sourceTree = "<group>"; };
		E0CD15B01F190F2400F63FE9 /* EntryDto.swift */ = {isa = PBXFileReference; fileEncoding = 4; lastKnownFileType = sourcecode.swift; name = EntryDto.swift; path = Model/EntryDto.swift; sourceTree = "<group>"; };
		E0CD15B21F19170200F63FE9 /* NotificationRepresentable.swift */ = {isa = PBXFileReference; fileEncoding = 4; lastKnownFileType = sourcecode.swift; path = NotificationRepresentable.swift; sourceTree = "<group>"; };
		E0CD15B51F1917A700F63FE9 /* DataSource.swift */ = {isa = PBXFileReference; fileEncoding = 4; lastKnownFileType = sourcecode.swift; name = DataSource.swift; path = Persistence/DataSource.swift; sourceTree = "<group>"; };
		E0D3764D1ED6C30400FAFA4F /* ActionsCollectionLayout.swift */ = {isa = PBXFileReference; fileEncoding = 4; lastKnownFileType = sourcecode.swift; name = ActionsCollectionLayout.swift; path = Controllers/ActionsCollectionLayout.swift; sourceTree = "<group>"; };
		E0D376501ED8174300FAFA4F /* ActionsCollectionLayoutTests.swift */ = {isa = PBXFileReference; fileEncoding = 4; lastKnownFileType = sourcecode.swift; name = ActionsCollectionLayoutTests.swift; path = View/ActionsCollectionLayoutTests.swift; sourceTree = "<group>"; };
		E0DAA5901EC999AD005FE314 /* FirebaseObjectTests.swift */ = {isa = PBXFileReference; fileEncoding = 4; lastKnownFileType = sourcecode.swift; name = FirebaseObjectTests.swift; path = Model/FirebaseObjectTests.swift; sourceTree = "<group>"; };
		E0DAA5921EC99DC3005FE314 /* EntryTests.swift */ = {isa = PBXFileReference; fileEncoding = 4; lastKnownFileType = sourcecode.swift; name = EntryTests.swift; path = Model/EntryTests.swift; sourceTree = "<group>"; };
		E0DAA5941EC9AA2C005FE314 /* CategoryTests.swift */ = {isa = PBXFileReference; fileEncoding = 4; lastKnownFileType = sourcecode.swift; name = CategoryTests.swift; path = Model/CategoryTests.swift; sourceTree = "<group>"; };
		E0DAA5981EC9AF9B005FE314 /* CustomValidatorTests.swift */ = {isa = PBXFileReference; fileEncoding = 4; lastKnownFileType = sourcecode.swift; name = CustomValidatorTests.swift; path = Networking/Validators/CustomValidatorTests.swift; sourceTree = "<group>"; };
		E0DAA59A1EC9B0CB005FE314 /* SimpleHTTPValidatorTests.swift */ = {isa = PBXFileReference; fileEncoding = 4; lastKnownFileType = sourcecode.swift; name = SimpleHTTPValidatorTests.swift; path = Networking/Validators/SimpleHTTPValidatorTests.swift; sourceTree = "<group>"; };
		E0DAA59C1EC9B0DC005FE314 /* QuidoValidatorTests.swift */ = {isa = PBXFileReference; fileEncoding = 4; lastKnownFileType = sourcecode.swift; name = QuidoValidatorTests.swift; path = Networking/Validators/QuidoValidatorTests.swift; sourceTree = "<group>"; };
		E0DAA59F1EC9B2CE005FE314 /* LoginViewModelTests.swift */ = {isa = PBXFileReference; fileEncoding = 4; lastKnownFileType = sourcecode.swift; name = LoginViewModelTests.swift; path = ViewModel/LoginViewModelTests.swift; sourceTree = "<group>"; };
		E0DAA5A11EC9B7C0005FE314 /* EntrySetupViewModelTests.swift */ = {isa = PBXFileReference; fileEncoding = 4; lastKnownFileType = sourcecode.swift; name = EntrySetupViewModelTests.swift; path = ViewModel/EntrySetupViewModelTests.swift; sourceTree = "<group>"; };
		E0DAA5A31ECA06EE005FE314 /* TypeViewModelTests.swift */ = {isa = PBXFileReference; fileEncoding = 4; lastKnownFileType = sourcecode.swift; name = TypeViewModelTests.swift; path = ViewModel/TypeViewModelTests.swift; sourceTree = "<group>"; };
		E0DAA5A51ECA092F005FE314 /* IconCollectionViewModelTests.swift */ = {isa = PBXFileReference; fileEncoding = 4; lastKnownFileType = sourcecode.swift; name = IconCollectionViewModelTests.swift; path = ViewModel/IconCollectionViewModelTests.swift; sourceTree = "<group>"; };
		E0DAA5A71ECA1352005FE314 /* SettingsViewModelTests.swift */ = {isa = PBXFileReference; fileEncoding = 4; lastKnownFileType = sourcecode.swift; name = SettingsViewModelTests.swift; path = ViewModel/SettingsViewModelTests.swift; sourceTree = "<group>"; };
		E0E09B071E54EB7E00B74CEA /* EnumCollectionTests.swift */ = {isa = PBXFileReference; fileEncoding = 4; lastKnownFileType = sourcecode.swift; name = EnumCollectionTests.swift; path = Helpers/EnumCollectionTests.swift; sourceTree = "<group>"; };
		E0E25A4D1E1D7874006F8C14 /* EntrySetupViewController.swift */ = {isa = PBXFileReference; fileEncoding = 4; lastKnownFileType = sourcecode.swift; name = EntrySetupViewController.swift; path = Controllers/EntrySetupViewController.swift; sourceTree = "<group>"; };
		E0E25A4F1E1D78A4006F8C14 /* EntrySetupViewModel.swift */ = {isa = PBXFileReference; fileEncoding = 4; lastKnownFileType = sourcecode.swift; path = EntrySetupViewModel.swift; sourceTree = "<group>"; };
		E0E2FBEA1E22A38700C54FF8 /* ShadedView.swift */ = {isa = PBXFileReference; fileEncoding = 4; lastKnownFileType = sourcecode.swift; path = ShadedView.swift; sourceTree = "<group>"; };
		E0E2FBED1E22BB1900C54FF8 /* ColorSelectorView.swift */ = {isa = PBXFileReference; fileEncoding = 4; lastKnownFileType = sourcecode.swift; path = ColorSelectorView.swift; sourceTree = "<group>"; };
		E0E2FBF01E23BE8A00C54FF8 /* DesignEntryTableViewCell.swift */ = {isa = PBXFileReference; fileEncoding = 4; lastKnownFileType = sourcecode.swift; name = DesignEntryTableViewCell.swift; path = Controllers/DesignEntryTableViewCell.swift; sourceTree = "<group>"; };
		E0E2FBF21E23D6B900C54FF8 /* GenericButtonTableViewCell.swift */ = {isa = PBXFileReference; fileEncoding = 4; lastKnownFileType = sourcecode.swift; name = GenericButtonTableViewCell.swift; path = Controllers/GenericButtonTableViewCell.swift; sourceTree = "<group>"; };
		E0E2FBF61E23F4E700C54FF8 /* ActionEntryTableViewCell.swift */ = {isa = PBXFileReference; fileEncoding = 4; lastKnownFileType = sourcecode.swift; name = ActionEntryTableViewCell.swift; path = Controllers/ActionEntryTableViewCell.swift; sourceTree = "<group>"; };
		E0E2FBF81E23F7D500C54FF8 /* CheckboxButton.swift */ = {isa = PBXFileReference; fileEncoding = 4; lastKnownFileType = sourcecode.swift; path = CheckboxButton.swift; sourceTree = "<group>"; };
		E0E2FBFE1E2540B000C54FF8 /* IconCollectionViewController.swift */ = {isa = PBXFileReference; fileEncoding = 4; lastKnownFileType = sourcecode.swift; name = IconCollectionViewController.swift; path = Controllers/IconCollectionViewController.swift; sourceTree = "<group>"; };
		E0E2FC001E2581FF00C54FF8 /* IconCollectionViewModel.swift */ = {isa = PBXFileReference; fileEncoding = 4; lastKnownFileType = sourcecode.swift; path = IconCollectionViewModel.swift; sourceTree = "<group>"; };
		E0E2FC021E2802A900C54FF8 /* IconCollectionViewCell.swift */ = {isa = PBXFileReference; fileEncoding = 4; lastKnownFileType = sourcecode.swift; name = IconCollectionViewCell.swift; path = Controllers/IconCollectionViewCell.swift; sourceTree = "<group>"; };
		E0F328931E3A554E00282B33 /* CustomCriteriaTableViewCell.swift */ = {isa = PBXFileReference; fileEncoding = 4; lastKnownFileType = sourcecode.swift; name = CustomCriteriaTableViewCell.swift; path = Controllers/CustomCriteriaTableViewCell.swift; sourceTree = "<group>"; };
		E0F328951E3B86FB00282B33 /* CustomCriteriaValidator.swift */ = {isa = PBXFileReference; fileEncoding = 4; lastKnownFileType = sourcecode.swift; path = CustomCriteriaValidator.swift; sourceTree = "<group>"; };
		E0F6D0351ECB31BC00DB9030 /* ObjectMapper.framework */ = {isa = PBXFileReference; lastKnownFileType = wrapper.framework; name = ObjectMapper.framework; path = "../../Library/Developer/Xcode/DerivedData/URLRemote-hdsfhwqkafwhdhcfbaohdqvnqxis/Build/Products/Debug-iphonesimulator/ObjectMapper/ObjectMapper.framework"; sourceTree = "<group>"; };
		E0F6D0371ECB31DA00DB9030 /* Bond.framework */ = {isa = PBXFileReference; lastKnownFileType = wrapper.framework; name = Bond.framework; path = "../../Library/Developer/Xcode/DerivedData/URLRemote-hdsfhwqkafwhdhcfbaohdqvnqxis/Build/Products/Debug-iphonesimulator/Bond/Bond.framework"; sourceTree = "<group>"; };
		E0F6D0381ECB31DA00DB9030 /* ReactiveKit.framework */ = {isa = PBXFileReference; lastKnownFileType = wrapper.framework; name = ReactiveKit.framework; path = "../../Library/Developer/Xcode/DerivedData/URLRemote-hdsfhwqkafwhdhcfbaohdqvnqxis/Build/Products/Debug-iphonesimulator/ReactiveKit/ReactiveKit.framework"; sourceTree = "<group>"; };
/* End PBXFileReference section */

/* Begin PBXFrameworksBuildPhase section */
		C1BBC1251CFC511D00EB62B1 /* Frameworks */ = {
			isa = PBXFrameworksBuildPhase;
			buildActionMask = 2147483647;
			files = (
				F246F17FD7B981886D77BDFF /* Pods_URLRemote.framework in Frameworks */,
			);
			runOnlyForDeploymentPostprocessing = 0;
		};
		C1BBC1391CFC511D00EB62B1 /* Frameworks */ = {
			isa = PBXFrameworksBuildPhase;
			buildActionMask = 2147483647;
			files = (
				E01E58E31EDC39A900296A81 /* OHHTTPStubs.framework in Frameworks */,
				E0F6D0391ECB31DA00DB9030 /* Bond.framework in Frameworks */,
				E0F6D03A1ECB31DA00DB9030 /* ReactiveKit.framework in Frameworks */,
				E0F6D0361ECB31BC00DB9030 /* ObjectMapper.framework in Frameworks */,
				53D62AFC9471ACB593326C49 /* Pods_URLRemoteTests.framework in Frameworks */,
			);
			runOnlyForDeploymentPostprocessing = 0;
		};
		C1BBC1441CFC511D00EB62B1 /* Frameworks */ = {
			isa = PBXFrameworksBuildPhase;
			buildActionMask = 2147483647;
			files = (
			);
			runOnlyForDeploymentPostprocessing = 0;
		};
/* End PBXFrameworksBuildPhase section */

/* Begin PBXGroup section */
		5A1FFD39B52B7BA347BAD850 /* Frameworks */ = {
			isa = PBXGroup;
			children = (
				E01E58E21EDC39A900296A81 /* OHHTTPStubs.framework */,
				E01E58E01EDC353800296A81 /* OHHTTPStubs.framework */,
				E0F6D0371ECB31DA00DB9030 /* Bond.framework */,
				E0F6D0381ECB31DA00DB9030 /* ReactiveKit.framework */,
				E0F6D0351ECB31BC00DB9030 /* ObjectMapper.framework */,
				45E2DC6684D2D93C331C7FA4 /* Pods.framework */,
				4C19C5F83E9542AFE428F634 /* Pods_URLRemote.framework */,
				29EB315E88D7C1F154808C0D /* Pods_URLRemoteTests.framework */,
			);
			name = Frameworks;
			sourceTree = "<group>";
		};
		C16B4F661CFC831E001E572E /* Helpers */ = {
			isa = PBXGroup;
			children = (
				E083933F1DFACAAF0012A28A /* UIViewControllerExtension.swift */,
				C16B4F671CFC834F001E572E /* UIColorExtension.swift */,
				E072B1341E40EB9A0012589D /* ArrayExtension.swift */,
				E005D0A31DE76BC5002B79C0 /* StringExtension.swift */,
				E0B41D161E2D4AD300F7242E /* EnumCollection.swift */,
				E06828301E0309C700EB0041 /* Firebase+ReactiveKit.swift */,
				E01E58E61EDCC7C900296A81 /* MaterialExtension.swift */,
				E068283A1E04436F00EB0041 /* Material+Bond.swift */,
				E098E84A1E314F3000456FCB /* UIViewController+Material.swift */,
				E0C0FA251E3D1B4600520AB2 /* LocalAuthentication+ReactiveKit.swift */,
				E0CD15B21F19170200F63FE9 /* NotificationRepresentable.swift */,
			);
			path = Helpers;
			sourceTree = "<group>";
		};
		C1BBC11F1CFC511D00EB62B1 = {
			isa = PBXGroup;
			children = (
				C1BBC12A1CFC511D00EB62B1 /* URLRemote */,
				C1BBC13F1CFC511D00EB62B1 /* URLRemoteTests */,
				C1BBC14A1CFC511D00EB62B1 /* URLRemoteUITests */,
				C1BBC1291CFC511D00EB62B1 /* Products */,
				5A1FFD39B52B7BA347BAD850 /* Frameworks */,
				D1E74C3216AA5CD3FDE9FABF /* Pods */,
			);
			sourceTree = "<group>";
		};
		C1BBC1291CFC511D00EB62B1 /* Products */ = {
			isa = PBXGroup;
			children = (
				C1BBC1281CFC511D00EB62B1 /* URLRemote.app */,
				C1BBC13C1CFC511D00EB62B1 /* URLRemoteTests.xctest */,
				C1BBC1471CFC511D00EB62B1 /* URLRemoteUITests.xctest */,
			);
			name = Products;
			sourceTree = "<group>";
		};
		C1BBC12A1CFC511D00EB62B1 /* URLRemote */ = {
			isa = PBXGroup;
			children = (
				E08C6FDE1DE4AECB0002A3D0 /* URLRemote.entitlements */,
				E005D0A21DE6437D002B79C0 /* URLRemote-Bridging-Header.h */,
				C1E0926D1D75CEC600142F2B /* Classes */,
				C1E0926F1D75CF7300142F2B /* Resources */,
			);
			path = URLRemote;
			sourceTree = "<group>";
		};
		C1BBC13F1CFC511D00EB62B1 /* URLRemoteTests */ = {
			isa = PBXGroup;
			children = (
				E09FECC11E477A2A002A8D91 /* Helpers */,
				E0DAA5961EC9AF56005FE314 /* Networking */,
				E0D3764F1ED8170A00FAFA4F /* View */,
				E0DAA58F1EC998F1005FE314 /* Model */,
				E0DAA59E1EC9B26D005FE314 /* ViewModel */,
				C1BBC1421CFC511D00EB62B1 /* Info.plist */,
			);
			path = URLRemoteTests;
			sourceTree = "<group>";
		};
		C1BBC14A1CFC511D00EB62B1 /* URLRemoteUITests */ = {
			isa = PBXGroup;
			children = (
				C1BBC14B1CFC511D00EB62B1 /* URLRemoteUITests.swift */,
				C1BBC14D1CFC511D00EB62B1 /* Info.plist */,
			);
			path = URLRemoteUITests;
			sourceTree = "<group>";
		};
		C1E0926D1D75CEC600142F2B /* Classes */ = {
			isa = PBXGroup;
			children = (
				C1BBC12B1CFC511D00EB62B1 /* AppDelegate.swift */,
				C16B4F661CFC831E001E572E /* Helpers */,
				E06828381E04407500EB0041 /* Networking */,
				E0CD15B41F19171D00F63FE9 /* Persistence */,
				E056B96D1E00A47400B70AA0 /* Model */,
				E0E2FBE91E22A35D00C54FF8 /* View */,
				E08C6FDF1DE4D3300002A3D0 /* ViewModel */,
				C1E0926E1D75CF0900142F2B /* Controllers */,
			);
			path = Classes;
			sourceTree = "<group>";
		};
		C1E0926E1D75CF0900142F2B /* Controllers */ = {
			isa = PBXGroup;
			children = (
				E06828261E01C48400EB0041 /* ApplicationNavigationController.swift */,
				E005D09C1DE5EC6E002B79C0 /* LoginTableViewController.swift */,
				E06828391E04431A00EB0041 /* ActionsCollection */,
				E0E2FBEF1E23BE6400C54FF8 /* EntrySetup */,
				E04DB6981E28F13700AC8C3D /* IconCollection */,
				E0CD15AB1F1901C300F63FE9 /* CategorySelection */,
				E04DB69D1E29329200AC8C3D /* TypeSelection */,
				E0628FB21E2FB02400DADAB3 /* Settings */,
			);
			name = Controllers;
			sourceTree = "<group>";
		};
		C1E0926F1D75CF7300142F2B /* Resources */ = {
			isa = PBXGroup;
			children = (
				C1BBC12F1CFC511D00EB62B1 /* Main.storyboard */,
				C1BBC1321CFC511D00EB62B1 /* Assets.xcassets */,
				C1BBC1341CFC511D00EB62B1 /* LaunchScreen.storyboard */,
				C1BBC1371CFC511D00EB62B1 /* Info.plist */,
				E0ADCD6E1DE4A98D004B7BAD /* GoogleService-Info.plist */,
				E005D09E1DE60018002B79C0 /* Localizable.strings */,
			);
			path = Resources;
			sourceTree = "<group>";
		};
		D1E74C3216AA5CD3FDE9FABF /* Pods */ = {
			isa = PBXGroup;
			children = (
				035AEDF9FA27C2B980DD48A0 /* Pods-URLRemote.debug.xcconfig */,
				3D6962C3E6C47C4AE607913F /* Pods-URLRemote.release.xcconfig */,
				73AFF71622122AA7613B4412 /* Pods-URLRemoteTests.debug.xcconfig */,
				D5B7114A18A2145EB50F9321 /* Pods-URLRemoteTests.release.xcconfig */,
			);
			name = Pods;
			sourceTree = "<group>";
		};
		E04DB6981E28F13700AC8C3D /* IconCollection */ = {
			isa = PBXGroup;
			children = (
				E0E2FC021E2802A900C54FF8 /* IconCollectionViewCell.swift */,
				E0E2FBFE1E2540B000C54FF8 /* IconCollectionViewController.swift */,
			);
			name = IconCollection;
			sourceTree = "<group>";
		};
		E04DB69D1E29329200AC8C3D /* TypeSelection */ = {
			isa = PBXGroup;
			children = (
				E04DB69E1E29331100AC8C3D /* TypeSelectionTableViewCell.swift */,
				E04DB6991E292D8400AC8C3D /* TypeTableViewController.swift */,
			);
			name = TypeSelection;
			sourceTree = "<group>";
		};
		E056B96D1E00A47400B70AA0 /* Model */ = {
			isa = PBXGroup;
			children = (
				E0CD15B01F190F2400F63FE9 /* EntryDto.swift */,
				E02C36EE1E3F8B14009649B3 /* Category.swift */,
				E056B96E1E00A48900B70AA0 /* Entry.swift */,
			);
			name = Model;
			sourceTree = "<group>";
		};
		E0628FB21E2FB02400DADAB3 /* Settings */ = {
			isa = PBXGroup;
			children = (
				E0628FB31E2FB05300DADAB3 /* EntrySettingsTableViewCell.swift */,
				E0B41D1A1E2E5BE600F7242E /* SettingsTableViewController.swift */,
			);
			name = Settings;
			sourceTree = "<group>";
		};
		E06828381E04407500EB0041 /* Networking */ = {
			isa = PBXGroup;
			children = (
				E06828341E043B7500EB0041 /* EntryAction.swift */,
				E0C2E35F1E33C5EE00923A2D /* Validators */,
			);
			path = Networking;
			sourceTree = "<group>";
		};
		E06828391E04431A00EB0041 /* ActionsCollection */ = {
			isa = PBXGroup;
			children = (
				E0D3764D1ED6C30400FAFA4F /* ActionsCollectionLayout.swift */,
				C16B4F621CFC7C1B001E572E /* ActionsCollectionViewController.swift */,
				E01E58DA1ED86C9B00296A81 /* CategoryViewCell.swift */,
				E06828201E01876F00EB0041 /* ActionViewCell.swift */,
			);
			name = ActionsCollection;
			sourceTree = "<group>";
		};
		E08C6FDF1DE4D3300002A3D0 /* ViewModel */ = {
			isa = PBXGroup;
			children = (
				E005D0A01DE61967002B79C0 /* LoginViewModel.swift */,
				E056B9701E00A5EB00B70AA0 /* ActionsViewModel.swift */,
				E0E25A4F1E1D78A4006F8C14 /* EntrySetupViewModel.swift */,
				E0E2FC001E2581FF00C54FF8 /* IconCollectionViewModel.swift */,
				E0CD15AE1F19022500F63FE9 /* CategoryTableViewModel.swift */,
				E04DB69B1E292DF100AC8C3D /* TypeViewModel.swift */,
				E0628FAE1E2F9EDF00DADAB3 /* SettingsViewModel.swift */,
			);
			path = ViewModel;
			sourceTree = "<group>";
		};
		E09FECC11E477A2A002A8D91 /* Helpers */ = {
			isa = PBXGroup;
			children = (
				E05020E31E5388CF0067AF0F /* ArrayExtensionTests.swift */,
				E09FECC21E477A6A002A8D91 /* StringExtensionTests.swift */,
				E0E09B071E54EB7E00B74CEA /* EnumCollectionTests.swift */,
			);
			name = Helpers;
			sourceTree = "<group>";
		};
		E0C2E35F1E33C5EE00923A2D /* Validators */ = {
			isa = PBXGroup;
			children = (
				E0C2E35D1E328DA400923A2D /* Validator.swift */,
				E00A20471E368C0200FF8DA6 /* ValidatorFactory.swift */,
				E0C2E3621E354C1600923A2D /* GenericValidator.swift */,
				E0F328951E3B86FB00282B33 /* CustomCriteriaValidator.swift */,
				E052E7701E368F58007D19EB /* SimpleHTTPValidator.swift */,
				E0C2E3601E33C60300923A2D /* QuidoValidator.swift */,
			);
			name = Validators;
			sourceTree = "<group>";
		};
		E0CD15AB1F1901C300F63FE9 /* CategorySelection */ = {
			isa = PBXGroup;
			children = (
				E0CD15AC1F1901FB00F63FE9 /* CategoryTableViewController.swift */,
			);
			name = CategorySelection;
			sourceTree = "<group>";
		};
		E0CD15B41F19171D00F63FE9 /* Persistence */ = {
			isa = PBXGroup;
			children = (
				E0CD15B51F1917A700F63FE9 /* DataSource.swift */,
				E02C36F21E3F8EBF009649B3 /* FirebaseObject.swift */,
				E068282C1E03067D00EB0041 /* FirebaseDataSource.swift */,
			);
			name = Persistence;
			sourceTree = "<group>";
		};
		E0D3764F1ED8170A00FAFA4F /* View */ = {
			isa = PBXGroup;
			children = (
				E0D376501ED8174300FAFA4F /* ActionsCollectionLayoutTests.swift */,
				E01E58DC1EDB65BE00296A81 /* ColorSelectorTests.swift */,
			);
			name = View;
			sourceTree = "<group>";
		};
		E0DAA58F1EC998F1005FE314 /* Model */ = {
			isa = PBXGroup;
			children = (
				E0DAA5901EC999AD005FE314 /* FirebaseObjectTests.swift */,
				E0DAA5941EC9AA2C005FE314 /* CategoryTests.swift */,
				E0DAA5921EC99DC3005FE314 /* EntryTests.swift */,
			);
			name = Model;
			sourceTree = "<group>";
		};
		E0DAA5961EC9AF56005FE314 /* Networking */ = {
			isa = PBXGroup;
			children = (
				E01E58E41EDC39E300296A81 /* EntryActionTests.swift */,
				E0DAA5971EC9AF5D005FE314 /* Validators */,
			);
			name = Networking;
			sourceTree = "<group>";
		};
		E0DAA5971EC9AF5D005FE314 /* Validators */ = {
			isa = PBXGroup;
			children = (
				E0DAA5981EC9AF9B005FE314 /* CustomValidatorTests.swift */,
				E0DAA59A1EC9B0CB005FE314 /* SimpleHTTPValidatorTests.swift */,
				E0DAA59C1EC9B0DC005FE314 /* QuidoValidatorTests.swift */,
			);
			name = Validators;
			sourceTree = "<group>";
		};
		E0DAA59E1EC9B26D005FE314 /* ViewModel */ = {
			isa = PBXGroup;
			children = (
				E0DAA59F1EC9B2CE005FE314 /* LoginViewModelTests.swift */,
				E0DAA5A11EC9B7C0005FE314 /* EntrySetupViewModelTests.swift */,
				E0DAA5A31ECA06EE005FE314 /* TypeViewModelTests.swift */,
				E0DAA5A51ECA092F005FE314 /* IconCollectionViewModelTests.swift */,
				E0DAA5A71ECA1352005FE314 /* SettingsViewModelTests.swift */,
			);
			name = ViewModel;
			sourceTree = "<group>";
		};
		E0E2FBE91E22A35D00C54FF8 /* View */ = {
			isa = PBXGroup;
			children = (
				E0E2FBEA1E22A38700C54FF8 /* ShadedView.swift */,
				E0E2FBED1E22BB1900C54FF8 /* ColorSelectorView.swift */,
				E0E2FBF81E23F7D500C54FF8 /* CheckboxButton.swift */,
			);
			path = View;
			sourceTree = "<group>";
		};
		E0E2FBEF1E23BE6400C54FF8 /* EntrySetup */ = {
			isa = PBXGroup;
			children = (
				E0E2FBF01E23BE8A00C54FF8 /* DesignEntryTableViewCell.swift */,
				E0E2FBF21E23D6B900C54FF8 /* GenericButtonTableViewCell.swift */,
				E0F328931E3A554E00282B33 /* CustomCriteriaTableViewCell.swift */,
				E0E2FBF61E23F4E700C54FF8 /* ActionEntryTableViewCell.swift */,
				E0E25A4D1E1D7874006F8C14 /* EntrySetupViewController.swift */,
			);
			name = EntrySetup;
			sourceTree = "<group>";
		};
/* End PBXGroup section */

/* Begin PBXNativeTarget section */
		C1BBC1271CFC511D00EB62B1 /* URLRemote */ = {
			isa = PBXNativeTarget;
			buildConfigurationList = C1BBC1501CFC511D00EB62B1 /* Build configuration list for PBXNativeTarget "URLRemote" */;
			buildPhases = (
				4F41DC0A0E29E857083B0085 /* [CP] Check Pods Manifest.lock */,
				C1BBC1241CFC511D00EB62B1 /* Sources */,
				C1BBC1251CFC511D00EB62B1 /* Frameworks */,
				C1BBC1261CFC511D00EB62B1 /* Resources */,
				E0ADCD6D1DE4A4F6004B7BAD /* ShellScript */,
				EEA6904DE8704DD5F1476A98 /* [CP] Embed Pods Frameworks */,
				3778F34BDE370ACCD960D54E /* [CP] Copy Pods Resources */,
			);
			buildRules = (
			);
			dependencies = (
			);
			name = URLRemote;
			productName = URLRemote;
			productReference = C1BBC1281CFC511D00EB62B1 /* URLRemote.app */;
			productType = "com.apple.product-type.application";
		};
		C1BBC13B1CFC511D00EB62B1 /* URLRemoteTests */ = {
			isa = PBXNativeTarget;
			buildConfigurationList = C1BBC1531CFC511D00EB62B1 /* Build configuration list for PBXNativeTarget "URLRemoteTests" */;
			buildPhases = (
				7B8FC33B7E7489C39592CD7E /* [CP] Check Pods Manifest.lock */,
				C1BBC1381CFC511D00EB62B1 /* Sources */,
				C1BBC1391CFC511D00EB62B1 /* Frameworks */,
				C1BBC13A1CFC511D00EB62B1 /* Resources */,
				19902B3FC2DA5AACAD0E511E /* [CP] Embed Pods Frameworks */,
				B17A640C59A504490D5D8B7A /* [CP] Copy Pods Resources */,
			);
			buildRules = (
			);
			dependencies = (
				C1BBC13E1CFC511D00EB62B1 /* PBXTargetDependency */,
			);
			name = URLRemoteTests;
			productName = URLRemoteTests;
			productReference = C1BBC13C1CFC511D00EB62B1 /* URLRemoteTests.xctest */;
			productType = "com.apple.product-type.bundle.unit-test";
		};
		C1BBC1461CFC511D00EB62B1 /* URLRemoteUITests */ = {
			isa = PBXNativeTarget;
			buildConfigurationList = C1BBC1561CFC511D00EB62B1 /* Build configuration list for PBXNativeTarget "URLRemoteUITests" */;
			buildPhases = (
				C1BBC1431CFC511D00EB62B1 /* Sources */,
				C1BBC1441CFC511D00EB62B1 /* Frameworks */,
				C1BBC1451CFC511D00EB62B1 /* Resources */,
			);
			buildRules = (
			);
			dependencies = (
				C1BBC1491CFC511D00EB62B1 /* PBXTargetDependency */,
			);
			name = URLRemoteUITests;
			productName = URLRemoteUITests;
			productReference = C1BBC1471CFC511D00EB62B1 /* URLRemoteUITests.xctest */;
			productType = "com.apple.product-type.bundle.ui-testing";
		};
/* End PBXNativeTarget section */

/* Begin PBXProject section */
		C1BBC1201CFC511D00EB62B1 /* Project object */ = {
			isa = PBXProject;
			attributes = {
				LastSwiftUpdateCheck = 0730;
				LastUpgradeCheck = 0820;
				ORGANIZATIONNAME = "Svacha, Michal";
				TargetAttributes = {
					C1BBC1271CFC511D00EB62B1 = {
						CreatedOnToolsVersion = 7.3;
						DevelopmentTeam = 5P5942GPL5;
						LastSwiftMigration = 0810;
						ProvisioningStyle = Manual;
						SystemCapabilities = {
							com.apple.Keychain = {
								enabled = 1;
							};
						};
					};
					C1BBC13B1CFC511D00EB62B1 = {
						CreatedOnToolsVersion = 7.3;
						LastSwiftMigration = 0810;
						ProvisioningStyle = Automatic;
						TestTargetID = C1BBC1271CFC511D00EB62B1;
					};
					C1BBC1461CFC511D00EB62B1 = {
						CreatedOnToolsVersion = 7.3;
						LastSwiftMigration = 0810;
						TestTargetID = C1BBC1271CFC511D00EB62B1;
					};
				};
			};
			buildConfigurationList = C1BBC1231CFC511D00EB62B1 /* Build configuration list for PBXProject "URLRemote" */;
			compatibilityVersion = "Xcode 3.2";
			developmentRegion = English;
			hasScannedForEncodings = 0;
			knownRegions = (
				en,
				Base,
			);
			mainGroup = C1BBC11F1CFC511D00EB62B1;
			productRefGroup = C1BBC1291CFC511D00EB62B1 /* Products */;
			projectDirPath = "";
			projectRoot = "";
			targets = (
				C1BBC1271CFC511D00EB62B1 /* URLRemote */,
				C1BBC13B1CFC511D00EB62B1 /* URLRemoteTests */,
				C1BBC1461CFC511D00EB62B1 /* URLRemoteUITests */,
			);
		};
/* End PBXProject section */

/* Begin PBXResourcesBuildPhase section */
		C1BBC1261CFC511D00EB62B1 /* Resources */ = {
			isa = PBXResourcesBuildPhase;
			buildActionMask = 2147483647;
			files = (
				E005D09F1DE60018002B79C0 /* Localizable.strings in Resources */,
				C1BBC1361CFC511D00EB62B1 /* LaunchScreen.storyboard in Resources */,
				E0ADCD6F1DE4A98D004B7BAD /* GoogleService-Info.plist in Resources */,
				C1BBC1331CFC511D00EB62B1 /* Assets.xcassets in Resources */,
				C1BBC1311CFC511D00EB62B1 /* Main.storyboard in Resources */,
			);
			runOnlyForDeploymentPostprocessing = 0;
		};
		C1BBC13A1CFC511D00EB62B1 /* Resources */ = {
			isa = PBXResourcesBuildPhase;
			buildActionMask = 2147483647;
			files = (
			);
			runOnlyForDeploymentPostprocessing = 0;
		};
		C1BBC1451CFC511D00EB62B1 /* Resources */ = {
			isa = PBXResourcesBuildPhase;
			buildActionMask = 2147483647;
			files = (
			);
			runOnlyForDeploymentPostprocessing = 0;
		};
/* End PBXResourcesBuildPhase section */

/* Begin PBXShellScriptBuildPhase section */
		19902B3FC2DA5AACAD0E511E /* [CP] Embed Pods Frameworks */ = {
			isa = PBXShellScriptBuildPhase;
			buildActionMask = 2147483647;
			files = (
			);
			inputPaths = (
			);
			name = "[CP] Embed Pods Frameworks";
			outputPaths = (
			);
			runOnlyForDeploymentPostprocessing = 0;
			shellPath = /bin/sh;
			shellScript = "\"${SRCROOT}/Pods/Target Support Files/Pods-URLRemoteTests/Pods-URLRemoteTests-frameworks.sh\"\n";
			showEnvVarsInLog = 0;
		};
		3778F34BDE370ACCD960D54E /* [CP] Copy Pods Resources */ = {
			isa = PBXShellScriptBuildPhase;
			buildActionMask = 2147483647;
			files = (
			);
			inputPaths = (
			);
			name = "[CP] Copy Pods Resources";
			outputPaths = (
			);
			runOnlyForDeploymentPostprocessing = 0;
			shellPath = /bin/sh;
			shellScript = "\"${SRCROOT}/Pods/Target Support Files/Pods-URLRemote/Pods-URLRemote-resources.sh\"\n";
			showEnvVarsInLog = 0;
		};
		4F41DC0A0E29E857083B0085 /* [CP] Check Pods Manifest.lock */ = {
			isa = PBXShellScriptBuildPhase;
			buildActionMask = 2147483647;
			files = (
			);
			inputPaths = (
			);
			name = "[CP] Check Pods Manifest.lock";
			outputPaths = (
			);
			runOnlyForDeploymentPostprocessing = 0;
			shellPath = /bin/sh;
			shellScript = "diff \"${PODS_PODFILE_DIR_PATH}/Podfile.lock\" \"${PODS_ROOT}/Manifest.lock\" > /dev/null\nif [ $? != 0 ] ; then\n    # print error to STDERR\n    echo \"error: The sandbox is not in sync with the Podfile.lock. Run 'pod install' or update your CocoaPods installation.\" >&2\n    exit 1\nfi\n";
			showEnvVarsInLog = 0;
		};
		7B8FC33B7E7489C39592CD7E /* [CP] Check Pods Manifest.lock */ = {
			isa = PBXShellScriptBuildPhase;
			buildActionMask = 2147483647;
			files = (
			);
			inputPaths = (
			);
			name = "[CP] Check Pods Manifest.lock";
			outputPaths = (
			);
			runOnlyForDeploymentPostprocessing = 0;
			shellPath = /bin/sh;
			shellScript = "diff \"${PODS_PODFILE_DIR_PATH}/Podfile.lock\" \"${PODS_ROOT}/Manifest.lock\" > /dev/null\nif [ $? != 0 ] ; then\n    # print error to STDERR\n    echo \"error: The sandbox is not in sync with the Podfile.lock. Run 'pod install' or update your CocoaPods installation.\" >&2\n    exit 1\nfi\n";
			showEnvVarsInLog = 0;
		};
		B17A640C59A504490D5D8B7A /* [CP] Copy Pods Resources */ = {
			isa = PBXShellScriptBuildPhase;
			buildActionMask = 2147483647;
			files = (
			);
			inputPaths = (
			);
			name = "[CP] Copy Pods Resources";
			outputPaths = (
			);
			runOnlyForDeploymentPostprocessing = 0;
			shellPath = /bin/sh;
			shellScript = "\"${SRCROOT}/Pods/Target Support Files/Pods-URLRemoteTests/Pods-URLRemoteTests-resources.sh\"\n";
			showEnvVarsInLog = 0;
		};
		E0ADCD6D1DE4A4F6004B7BAD /* ShellScript */ = {
			isa = PBXShellScriptBuildPhase;
			buildActionMask = 2147483647;
			files = (
			);
			inputPaths = (
			);
			outputPaths = (
			);
			runOnlyForDeploymentPostprocessing = 0;
			shellPath = /bin/sh;
			shellScript = "\"${PODS_ROOT}/Fabric/run\" 0ffde99a9ff28ab566586b7e53a401658e1260b5 c8b97e8d2ae7009720df1109ce3bdca65530f2bd9e6c06586c9646b886167be9";
		};
		EEA6904DE8704DD5F1476A98 /* [CP] Embed Pods Frameworks */ = {
			isa = PBXShellScriptBuildPhase;
			buildActionMask = 2147483647;
			files = (
			);
			inputPaths = (
			);
			name = "[CP] Embed Pods Frameworks";
			outputPaths = (
			);
			runOnlyForDeploymentPostprocessing = 0;
			shellPath = /bin/sh;
			shellScript = "\"${SRCROOT}/Pods/Target Support Files/Pods-URLRemote/Pods-URLRemote-frameworks.sh\"\n";
			showEnvVarsInLog = 0;
		};
/* End PBXShellScriptBuildPhase section */

/* Begin PBXSourcesBuildPhase section */
		C1BBC1241CFC511D00EB62B1 /* Sources */ = {
			isa = PBXSourcesBuildPhase;
			buildActionMask = 2147483647;
			files = (
				E0E2FBF31E23D6B900C54FF8 /* GenericButtonTableViewCell.swift in Sources */,
				E0CD15B31F19170200F63FE9 /* NotificationRepresentable.swift in Sources */,
				E0C2E3611E33C60300923A2D /* QuidoValidator.swift in Sources */,
				E06828211E01876F00EB0041 /* ActionViewCell.swift in Sources */,
				E04DB69C1E292DF100AC8C3D /* TypeViewModel.swift in Sources */,
				E056B96F1E00A48900B70AA0 /* Entry.swift in Sources */,
				E005D09D1DE5EC6E002B79C0 /* LoginTableViewController.swift in Sources */,
				E0B41D1B1E2E5BE600F7242E /* SettingsTableViewController.swift in Sources */,
				E0CD15B61F1917A700F63FE9 /* DataSource.swift in Sources */,
				E0E2FBEB1E22A38700C54FF8 /* ShadedView.swift in Sources */,
				E04DB69A1E292D8400AC8C3D /* TypeTableViewController.swift in Sources */,
				E06828351E043B7500EB0041 /* EntryAction.swift in Sources */,
				E01E58DB1ED86C9B00296A81 /* CategoryViewCell.swift in Sources */,
				E0E2FBEE1E22BB1900C54FF8 /* ColorSelectorView.swift in Sources */,
				E0C0FA261E3D1B4600520AB2 /* LocalAuthentication+ReactiveKit.swift in Sources */,
				E068282D1E03067D00EB0041 /* FirebaseDataSource.swift in Sources */,
				E0CD15AD1F1901FB00F63FE9 /* CategoryTableViewController.swift in Sources */,
				E0E2FBFF1E2540B000C54FF8 /* IconCollectionViewController.swift in Sources */,
				E0628FB41E2FB05300DADAB3 /* EntrySettingsTableViewCell.swift in Sources */,
				E08393401DFACAAF0012A28A /* UIViewControllerExtension.swift in Sources */,
				E06828311E0309C700EB0041 /* Firebase+ReactiveKit.swift in Sources */,
				E005D0A41DE76BC5002B79C0 /* StringExtension.swift in Sources */,
				E056B9711E00A5EB00B70AA0 /* ActionsViewModel.swift in Sources */,
				E0E25A4E1E1D7874006F8C14 /* EntrySetupViewController.swift in Sources */,
				E0E2FBF11E23BE8A00C54FF8 /* DesignEntryTableViewCell.swift in Sources */,
				E0D3764E1ED6C30400FAFA4F /* ActionsCollectionLayout.swift in Sources */,
				E0E25A501E1D78A4006F8C14 /* EntrySetupViewModel.swift in Sources */,
				E02C36F31E3F8EBF009649B3 /* FirebaseObject.swift in Sources */,
				E005D0A11DE61967002B79C0 /* LoginViewModel.swift in Sources */,
				E0E2FC031E2802AA00C54FF8 /* IconCollectionViewCell.swift in Sources */,
				C16B4F631CFC7C1B001E572E /* ActionsCollectionViewController.swift in Sources */,
				E00A20481E368C0200FF8DA6 /* ValidatorFactory.swift in Sources */,
				E0E2FC011E2581FF00C54FF8 /* IconCollectionViewModel.swift in Sources */,
				E04DB69F1E29331100AC8C3D /* TypeSelectionTableViewCell.swift in Sources */,
				E0F328941E3A554E00282B33 /* CustomCriteriaTableViewCell.swift in Sources */,
				E052E7711E368F58007D19EB /* SimpleHTTPValidator.swift in Sources */,
				C1BBC12C1CFC511D00EB62B1 /* AppDelegate.swift in Sources */,
				E072B1351E40EB9A0012589D /* ArrayExtension.swift in Sources */,
				E0C2E3631E354C1600923A2D /* GenericValidator.swift in Sources */,
				E0CD15AF1F19022500F63FE9 /* CategoryTableViewModel.swift in Sources */,
				E0E2FBF91E23F7D500C54FF8 /* CheckboxButton.swift in Sources */,
				E0E2FBF71E23F4E700C54FF8 /* ActionEntryTableViewCell.swift in Sources */,
				E06828271E01C48400EB0041 /* ApplicationNavigationController.swift in Sources */,
				C16B4F681CFC834F001E572E /* UIColorExtension.swift in Sources */,
				E098E84B1E314F3000456FCB /* UIViewController+Material.swift in Sources */,
				E0F328961E3B86FB00282B33 /* CustomCriteriaValidator.swift in Sources */,
				E0C2E35E1E328DA400923A2D /* Validator.swift in Sources */,
				E0628FAF1E2F9EDF00DADAB3 /* SettingsViewModel.swift in Sources */,
				E0CD15B11F190F2400F63FE9 /* EntryDto.swift in Sources */,
				E0B41D171E2D4AD300F7242E /* EnumCollection.swift in Sources */,
				E068283B1E04436F00EB0041 /* Material+Bond.swift in Sources */,
				E01E58E71EDCC7C900296A81 /* MaterialExtension.swift in Sources */,
				E02C36EF1E3F8B14009649B3 /* Category.swift in Sources */,
			);
			runOnlyForDeploymentPostprocessing = 0;
		};
		C1BBC1381CFC511D00EB62B1 /* Sources */ = {
			isa = PBXSourcesBuildPhase;
			buildActionMask = 2147483647;
			files = (
				E0DAA5A41ECA06EE005FE314 /* TypeViewModelTests.swift in Sources */,
				E0DAA5A01EC9B2CE005FE314 /* LoginViewModelTests.swift in Sources */,
				E0DAA5991EC9AF9B005FE314 /* CustomValidatorTests.swift in Sources */,
				E0DAA5A81ECA1352005FE314 /* SettingsViewModelTests.swift in Sources */,
				E0DAA5A61ECA092F005FE314 /* IconCollectionViewModelTests.swift in Sources */,
				E09FECC31E477A6A002A8D91 /* StringExtensionTests.swift in Sources */,
				E01E58DD1EDB65BE00296A81 /* ColorSelectorTests.swift in Sources */,
				E0E09B081E54EB7E00B74CEA /* EnumCollectionTests.swift in Sources */,
				E0D376511ED8174300FAFA4F /* ActionsCollectionLayoutTests.swift in Sources */,
				E01E58E51EDC39E300296A81 /* EntryActionTests.swift in Sources */,
				E0DAA5A21EC9B7C0005FE314 /* EntrySetupViewModelTests.swift in Sources */,
				E0DAA5931EC99DC3005FE314 /* EntryTests.swift in Sources */,
				E0DAA59B1EC9B0CB005FE314 /* SimpleHTTPValidatorTests.swift in Sources */,
				E0DAA5951EC9AA2C005FE314 /* CategoryTests.swift in Sources */,
				E05020E41E5388CF0067AF0F /* ArrayExtensionTests.swift in Sources */,
				E0DAA59D1EC9B0DC005FE314 /* QuidoValidatorTests.swift in Sources */,
				E0DAA5911EC999AD005FE314 /* FirebaseObjectTests.swift in Sources */,
			);
			runOnlyForDeploymentPostprocessing = 0;
		};
		C1BBC1431CFC511D00EB62B1 /* Sources */ = {
			isa = PBXSourcesBuildPhase;
			buildActionMask = 2147483647;
			files = (
				C1BBC14C1CFC511D00EB62B1 /* URLRemoteUITests.swift in Sources */,
			);
			runOnlyForDeploymentPostprocessing = 0;
		};
/* End PBXSourcesBuildPhase section */

/* Begin PBXTargetDependency section */
		C1BBC13E1CFC511D00EB62B1 /* PBXTargetDependency */ = {
			isa = PBXTargetDependency;
			target = C1BBC1271CFC511D00EB62B1 /* URLRemote */;
			targetProxy = C1BBC13D1CFC511D00EB62B1 /* PBXContainerItemProxy */;
		};
		C1BBC1491CFC511D00EB62B1 /* PBXTargetDependency */ = {
			isa = PBXTargetDependency;
			target = C1BBC1271CFC511D00EB62B1 /* URLRemote */;
			targetProxy = C1BBC1481CFC511D00EB62B1 /* PBXContainerItemProxy */;
		};
/* End PBXTargetDependency section */

/* Begin PBXVariantGroup section */
		C1BBC12F1CFC511D00EB62B1 /* Main.storyboard */ = {
			isa = PBXVariantGroup;
			children = (
				C1BBC1301CFC511D00EB62B1 /* Base */,
			);
			name = Main.storyboard;
			sourceTree = "<group>";
		};
		C1BBC1341CFC511D00EB62B1 /* LaunchScreen.storyboard */ = {
			isa = PBXVariantGroup;
			children = (
				C1BBC1351CFC511D00EB62B1 /* Base */,
			);
			name = LaunchScreen.storyboard;
			sourceTree = "<group>";
		};
/* End PBXVariantGroup section */

/* Begin XCBuildConfiguration section */
		C1BBC14E1CFC511D00EB62B1 /* Debug */ = {
			isa = XCBuildConfiguration;
			buildSettings = {
				ALWAYS_SEARCH_USER_PATHS = NO;
				CLANG_ANALYZER_NONNULL = YES;
				CLANG_CXX_LANGUAGE_STANDARD = "gnu++0x";
				CLANG_CXX_LIBRARY = "libc++";
				CLANG_ENABLE_MODULES = YES;
				CLANG_ENABLE_OBJC_ARC = YES;
				CLANG_WARN_BOOL_CONVERSION = YES;
				CLANG_WARN_CONSTANT_CONVERSION = YES;
				CLANG_WARN_DIRECT_OBJC_ISA_USAGE = YES_ERROR;
				CLANG_WARN_EMPTY_BODY = YES;
				CLANG_WARN_ENUM_CONVERSION = YES;
				CLANG_WARN_INFINITE_RECURSION = YES;
				CLANG_WARN_INT_CONVERSION = YES;
				CLANG_WARN_OBJC_ROOT_CLASS = YES_ERROR;
				CLANG_WARN_SUSPICIOUS_MOVE = YES;
				CLANG_WARN_UNREACHABLE_CODE = YES;
				CLANG_WARN__DUPLICATE_METHOD_MATCH = YES;
				"CODE_SIGN_IDENTITY[sdk=iphoneos*]" = "iPhone Developer";
				COPY_PHASE_STRIP = NO;
				DEBUG_INFORMATION_FORMAT = dwarf;
				ENABLE_STRICT_OBJC_MSGSEND = YES;
				ENABLE_TESTABILITY = YES;
				GCC_C_LANGUAGE_STANDARD = gnu99;
				GCC_DYNAMIC_NO_PIC = NO;
				GCC_NO_COMMON_BLOCKS = YES;
				GCC_OPTIMIZATION_LEVEL = 0;
				GCC_PREPROCESSOR_DEFINITIONS = (
					"DEBUG=1",
					"$(inherited)",
				);
				GCC_WARN_64_TO_32_BIT_CONVERSION = YES;
				GCC_WARN_ABOUT_RETURN_TYPE = YES_ERROR;
				GCC_WARN_UNDECLARED_SELECTOR = YES;
				GCC_WARN_UNINITIALIZED_AUTOS = YES_AGGRESSIVE;
				GCC_WARN_UNUSED_FUNCTION = YES;
				GCC_WARN_UNUSED_VARIABLE = YES;
				IPHONEOS_DEPLOYMENT_TARGET = 10.0;
				MTL_ENABLE_DEBUG_INFO = YES;
				ONLY_ACTIVE_ARCH = YES;
				SDKROOT = iphoneos;
				SWIFT_OPTIMIZATION_LEVEL = "-Onone";
				TARGETED_DEVICE_FAMILY = "1,2";
			};
			name = Debug;
		};
		C1BBC14F1CFC511D00EB62B1 /* Release */ = {
			isa = XCBuildConfiguration;
			buildSettings = {
				ALWAYS_SEARCH_USER_PATHS = NO;
				CLANG_ANALYZER_NONNULL = YES;
				CLANG_CXX_LANGUAGE_STANDARD = "gnu++0x";
				CLANG_CXX_LIBRARY = "libc++";
				CLANG_ENABLE_MODULES = YES;
				CLANG_ENABLE_OBJC_ARC = YES;
				CLANG_WARN_BOOL_CONVERSION = YES;
				CLANG_WARN_CONSTANT_CONVERSION = YES;
				CLANG_WARN_DIRECT_OBJC_ISA_USAGE = YES_ERROR;
				CLANG_WARN_EMPTY_BODY = YES;
				CLANG_WARN_ENUM_CONVERSION = YES;
				CLANG_WARN_INFINITE_RECURSION = YES;
				CLANG_WARN_INT_CONVERSION = YES;
				CLANG_WARN_OBJC_ROOT_CLASS = YES_ERROR;
				CLANG_WARN_SUSPICIOUS_MOVE = YES;
				CLANG_WARN_UNREACHABLE_CODE = YES;
				CLANG_WARN__DUPLICATE_METHOD_MATCH = YES;
				"CODE_SIGN_IDENTITY[sdk=iphoneos*]" = "iPhone Developer";
				COPY_PHASE_STRIP = NO;
				DEBUG_INFORMATION_FORMAT = "dwarf-with-dsym";
				ENABLE_NS_ASSERTIONS = NO;
				ENABLE_STRICT_OBJC_MSGSEND = YES;
				GCC_C_LANGUAGE_STANDARD = gnu99;
				GCC_NO_COMMON_BLOCKS = YES;
				GCC_WARN_64_TO_32_BIT_CONVERSION = YES;
				GCC_WARN_ABOUT_RETURN_TYPE = YES_ERROR;
				GCC_WARN_UNDECLARED_SELECTOR = YES;
				GCC_WARN_UNINITIALIZED_AUTOS = YES_AGGRESSIVE;
				GCC_WARN_UNUSED_FUNCTION = YES;
				GCC_WARN_UNUSED_VARIABLE = YES;
				IPHONEOS_DEPLOYMENT_TARGET = 10.0;
				MTL_ENABLE_DEBUG_INFO = NO;
				SDKROOT = iphoneos;
				SWIFT_OPTIMIZATION_LEVEL = "-Owholemodule";
				TARGETED_DEVICE_FAMILY = "1,2";
				VALIDATE_PRODUCT = YES;
			};
			name = Release;
		};
		C1BBC1511CFC511D00EB62B1 /* Debug */ = {
			isa = XCBuildConfiguration;
			baseConfigurationReference = 035AEDF9FA27C2B980DD48A0 /* Pods-URLRemote.debug.xcconfig */;
			buildSettings = {
				ASSETCATALOG_COMPILER_APPICON_NAME = AppIcon;
				CODE_SIGN_ENTITLEMENTS = URLRemote/URLRemote.entitlements;
				CODE_SIGN_IDENTITY = "iPhone Developer: Milan Svacha (2363V49372)";
				DEBUG_INFORMATION_FORMAT = "dwarf-with-dsym";
				DEVELOPMENT_TEAM = 5P5942GPL5;
				INFOPLIST_FILE = URLRemote/Resources/Info.plist;
				IPHONEOS_DEPLOYMENT_TARGET = 10.0;
				LD_RUNPATH_SEARCH_PATHS = "$(inherited) @executable_path/Frameworks";
				PRODUCT_BUNDLE_IDENTIFIER = com.pixeesoft.ios.URLRemote;
				PRODUCT_NAME = "$(TARGET_NAME)";
				PROVISIONING_PROFILE = "bf365589-20e5-4c02-8bd8-7122ecc1f748";
				PROVISIONING_PROFILE_SPECIFIER = "match Development com.pixeesoft.ios.URLRemote";
				SWIFT_OBJC_BRIDGING_HEADER = "URLRemote/URLRemote-Bridging-Header.h";
				SWIFT_VERSION = 3.0;
			};
			name = Debug;
		};
		C1BBC1521CFC511D00EB62B1 /* Release */ = {
			isa = XCBuildConfiguration;
			baseConfigurationReference = 3D6962C3E6C47C4AE607913F /* Pods-URLRemote.release.xcconfig */;
			buildSettings = {
				ASSETCATALOG_COMPILER_APPICON_NAME = AppIcon;
				CODE_SIGN_ENTITLEMENTS = URLRemote/URLRemote.entitlements;
				CODE_SIGN_IDENTITY = "iPhone Distribution: Pixeesoft LLC (5P5942GPL5)";
				"CODE_SIGN_IDENTITY[sdk=iphoneos*]" = "iPhone Distribution: Pixeesoft LLC (5P5942GPL5)";
				DEVELOPMENT_TEAM = 5P5942GPL5;
				INFOPLIST_FILE = URLRemote/Resources/Info.plist;
				IPHONEOS_DEPLOYMENT_TARGET = 10.0;
				LD_RUNPATH_SEARCH_PATHS = "$(inherited) @executable_path/Frameworks";
				PRODUCT_BUNDLE_IDENTIFIER = com.pixeesoft.ios.URLRemote;
				PRODUCT_NAME = "$(TARGET_NAME)";
				PROVISIONING_PROFILE = "8197dce5-99fe-44b3-94c7-48f4691a1e28";
				PROVISIONING_PROFILE_SPECIFIER = "match AppStore com.pixeesoft.ios.URLRemote";
				SWIFT_OBJC_BRIDGING_HEADER = "URLRemote/URLRemote-Bridging-Header.h";
				SWIFT_VERSION = 3.0;
			};
			name = Release;
		};
		C1BBC1541CFC511D00EB62B1 /* Debug */ = {
			isa = XCBuildConfiguration;
			baseConfigurationReference = 73AFF71622122AA7613B4412 /* Pods-URLRemoteTests.debug.xcconfig */;
			buildSettings = {
				BUNDLE_LOADER = "$(TEST_HOST)";
				"CODE_SIGN_IDENTITY[sdk=iphoneos*]" = "iPhone Developer";
				DEVELOPMENT_TEAM = "";
				FRAMEWORK_SEARCH_PATHS = "$(inherited)";
				HEADER_SEARCH_PATHS = (
					"$(inherited)",
					"\"${PODS_ROOT}/Headers/Public\"",
					"\"${PODS_ROOT}/Headers/Public/Crashlytics\"",
					"\"${PODS_ROOT}/Headers/Public/Fabric\"",
					"\"${PODS_ROOT}/Headers/Public/Firebase\"",
					"\"${PODS_ROOT}/Headers/Public/FirebaseAnalytics\"",
					"\"${PODS_ROOT}/Headers/Public/FirebaseAuth\"",
					"\"${PODS_ROOT}/Headers/Public/FirebaseCore\"",
					"\"${PODS_ROOT}/Headers/Public/FirebaseDatabase\"",
					"\"${PODS_ROOT}/Headers/Public/FirebaseInstanceID\"",
					"\"${PODS_ROOT}/Firebase/Core/Sources\"",
				);
				INFOPLIST_FILE = URLRemoteTests/Info.plist;
				LD_RUNPATH_SEARCH_PATHS = "$(inherited) @executable_path/Frameworks @loader_path/Frameworks";
				PRODUCT_BUNDLE_IDENTIFIER = com.pixeesoft.ios.URLRemoteTests;
				PRODUCT_NAME = "$(TARGET_NAME)";
				PROVISIONING_PROFILE_SPECIFIER = "";
				SWIFT_VERSION = 3.0;
				TEST_HOST = "$(BUILT_PRODUCTS_DIR)/URLRemote.app/URLRemote";
			};
			name = Debug;
		};
		C1BBC1551CFC511D00EB62B1 /* Release */ = {
			isa = XCBuildConfiguration;
			baseConfigurationReference = D5B7114A18A2145EB50F9321 /* Pods-URLRemoteTests.release.xcconfig */;
			buildSettings = {
				BUNDLE_LOADER = "$(TEST_HOST)";
				"CODE_SIGN_IDENTITY[sdk=iphoneos*]" = "iPhone Developer";
				DEVELOPMENT_TEAM = "";
				FRAMEWORK_SEARCH_PATHS = "$(inherited)";
				HEADER_SEARCH_PATHS = (
					"$(inherited)",
					"\"${PODS_ROOT}/Headers/Public\"",
					"\"${PODS_ROOT}/Headers/Public/Crashlytics\"",
					"\"${PODS_ROOT}/Headers/Public/Fabric\"",
					"\"${PODS_ROOT}/Headers/Public/Firebase\"",
					"\"${PODS_ROOT}/Headers/Public/FirebaseAnalytics\"",
					"\"${PODS_ROOT}/Headers/Public/FirebaseAuth\"",
					"\"${PODS_ROOT}/Headers/Public/FirebaseCore\"",
					"\"${PODS_ROOT}/Headers/Public/FirebaseDatabase\"",
					"\"${PODS_ROOT}/Headers/Public/FirebaseInstanceID\"",
					"\"${PODS_ROOT}/Firebase/Core/Sources\"",
				);
				INFOPLIST_FILE = URLRemoteTests/Info.plist;
				LD_RUNPATH_SEARCH_PATHS = "$(inherited) @executable_path/Frameworks @loader_path/Frameworks";
				PRODUCT_BUNDLE_IDENTIFIER = com.pixeesoft.ios.URLRemoteTests;
				PRODUCT_NAME = "$(TARGET_NAME)";
				PROVISIONING_PROFILE_SPECIFIER = "";
				SWIFT_VERSION = 3.0;
				TEST_HOST = "$(BUILT_PRODUCTS_DIR)/URLRemote.app/URLRemote";
			};
			name = Release;
		};
		C1BBC1571CFC511D00EB62B1 /* Debug */ = {
			isa = XCBuildConfiguration;
			buildSettings = {
				INFOPLIST_FILE = URLRemoteUITests/Info.plist;
				LD_RUNPATH_SEARCH_PATHS = "$(inherited) @executable_path/Frameworks @loader_path/Frameworks";
				PRODUCT_BUNDLE_IDENTIFIER = com.pixeesoft.ios.URLRemoteUITests;
				PRODUCT_NAME = "$(TARGET_NAME)";
				SWIFT_VERSION = 3.0;
				TEST_TARGET_NAME = URLRemote;
			};
			name = Debug;
		};
		C1BBC1581CFC511D00EB62B1 /* Release */ = {
			isa = XCBuildConfiguration;
			buildSettings = {
				INFOPLIST_FILE = URLRemoteUITests/Info.plist;
				LD_RUNPATH_SEARCH_PATHS = "$(inherited) @executable_path/Frameworks @loader_path/Frameworks";
				PRODUCT_BUNDLE_IDENTIFIER = com.pixeesoft.ios.URLRemoteUITests;
				PRODUCT_NAME = "$(TARGET_NAME)";
				SWIFT_VERSION = 3.0;
				TEST_TARGET_NAME = URLRemote;
			};
			name = Release;
		};
/* End XCBuildConfiguration section */

/* Begin XCConfigurationList section */
		C1BBC1231CFC511D00EB62B1 /* Build configuration list for PBXProject "URLRemote" */ = {
			isa = XCConfigurationList;
			buildConfigurations = (
				C1BBC14E1CFC511D00EB62B1 /* Debug */,
				C1BBC14F1CFC511D00EB62B1 /* Release */,
			);
			defaultConfigurationIsVisible = 0;
			defaultConfigurationName = Release;
		};
		C1BBC1501CFC511D00EB62B1 /* Build configuration list for PBXNativeTarget "URLRemote" */ = {
			isa = XCConfigurationList;
			buildConfigurations = (
				C1BBC1511CFC511D00EB62B1 /* Debug */,
				C1BBC1521CFC511D00EB62B1 /* Release */,
			);
			defaultConfigurationIsVisible = 0;
			defaultConfigurationName = Release;
		};
		C1BBC1531CFC511D00EB62B1 /* Build configuration list for PBXNativeTarget "URLRemoteTests" */ = {
			isa = XCConfigurationList;
			buildConfigurations = (
				C1BBC1541CFC511D00EB62B1 /* Debug */,
				C1BBC1551CFC511D00EB62B1 /* Release */,
			);
			defaultConfigurationIsVisible = 0;
			defaultConfigurationName = Release;
		};
		C1BBC1561CFC511D00EB62B1 /* Build configuration list for PBXNativeTarget "URLRemoteUITests" */ = {
			isa = XCConfigurationList;
			buildConfigurations = (
				C1BBC1571CFC511D00EB62B1 /* Debug */,
				C1BBC1581CFC511D00EB62B1 /* Release */,
			);
			defaultConfigurationIsVisible = 0;
			defaultConfigurationName = Release;
		};
/* End XCConfigurationList section */
	};
	rootObject = C1BBC1201CFC511D00EB62B1 /* Project object */;
}
